// !$*UTF8*$!
{
	archiveVersion = 1;
	classes = {
	};
	objectVersion = 46;
	objects = {

/* Begin PBXBuildFile section */
		4F219C1A1C2472DF006EA0DB /* URLBuildingSupport.swift in Sources */ = {isa = PBXBuildFile; fileRef = 4F219C191C2472DF006EA0DB /* URLBuildingSupport.swift */; };
		4F2CAE581C232058007CCC7B /* NotificationHandler.swift in Sources */ = {isa = PBXBuildFile; fileRef = 4F2CAE571C232058007CCC7B /* NotificationHandler.swift */; };
		4F4BE6881BFDEE3A001EDE35 /* .gitignore in Resources */ = {isa = PBXBuildFile; fileRef = 4F4BE6871BFDEE3A001EDE35 /* .gitignore */; };
		4F4DE76A1C21CCDA00F67890 /* APIBackgroundHandler.swift in Sources */ = {isa = PBXBuildFile; fileRef = 4F4DE7691C21CCDA00F67890 /* APIBackgroundHandler.swift */; };
		4F4DE76C1C21E6A900F67890 /* TokenResponseHandler.swift in Sources */ = {isa = PBXBuildFile; fileRef = 4F4DE76B1C21E6A900F67890 /* TokenResponseHandler.swift */; };
		4F8600711BE8D8B700FA53AD /* TimetableTime.swift in Sources */ = {isa = PBXBuildFile; fileRef = 4F8600701BE8D8B700FA53AD /* TimetableTime.swift */; };
		4FB5A78F1C060013007977FB /* APIHandler.swift in Sources */ = {isa = PBXBuildFile; fileRef = 4FB5A78E1C060013007977FB /* APIHandler.swift */; };
		4FBEFFEC1BEB7A78007C4647 /* Token.swift in Sources */ = {isa = PBXBuildFile; fileRef = 4FBEFFEB1BEB7A78007C4647 /* Token.swift */; };
		4FC8F9DC1C06190E00D15752 /* TokenStorage.swift in Sources */ = {isa = PBXBuildFile; fileRef = 4FC8F9DB1C06190E00D15752 /* TokenStorage.swift */; };
		4FC8F9DE1C061F2000D15752 /* TimeTableData.swift in Sources */ = {isa = PBXBuildFile; fileRef = 4FC8F9DD1C061F2000D15752 /* TimeTableData.swift */; };
		4FC8F9E01C061F4700D15752 /* TimeTableStorage.swift in Sources */ = {isa = PBXBuildFile; fileRef = 4FC8F9DF1C061F4700D15752 /* TimeTableStorage.swift */; };
		7402B3E61C031EB40048C5D7 /* Assets.xcassets in Resources */ = {isa = PBXBuildFile; fileRef = 7402B3E51C031EB40048C5D7 /* Assets.xcassets */; };
		74080B471C46A0DA00A208AE /* NotificationCenter.framework in Frameworks */ = {isa = PBXBuildFile; fileRef = 743ED8881BF6339A00DA2E46 /* NotificationCenter.framework */; };
		74080B4A1C46A0DA00A208AE /* TodayViewController.swift in Sources */ = {isa = PBXBuildFile; fileRef = 74080B491C46A0DA00A208AE /* TodayViewController.swift */; };
		74080B4D1C46A0DA00A208AE /* MainInterface.storyboard in Resources */ = {isa = PBXBuildFile; fileRef = 74080B4B1C46A0DA00A208AE /* MainInterface.storyboard */; };
		74080B511C46A0DA00A208AE /* nextlesson.appex in Embed App Extensions */ = {isa = PBXBuildFile; fileRef = 74080B461C46A0D900A208AE /* nextlesson.appex */; settings = {ATTRIBUTES = (RemoveHeadersOnCopy, ); }; };
		74080B561C46A2D700A208AE /* TodayLayout.swift in Sources */ = {isa = PBXBuildFile; fileRef = 74080B551C46A2D700A208AE /* TodayLayout.swift */; };
		74080B571C46A9BC00A208AE /* TimeCollectionViewCell.swift in Sources */ = {isa = PBXBuildFile; fileRef = 741008911BEA8857009FB899 /* TimeCollectionViewCell.swift */; };
		74080B591C46A9C200A208AE /* ReplacedLessonCollectionViewCell.swift in Sources */ = {isa = PBXBuildFile; fileRef = 7443BE131BED2E93007E6807 /* ReplacedLessonCollectionViewCell.swift */; };
		74080B5A1C46A9C600A208AE /* LessonCollectionViewCell.swift in Sources */ = {isa = PBXBuildFile; fileRef = 74866B0B1BEBF10A0030FA95 /* LessonCollectionViewCell.swift */; };
		74080B5E1C46BA1C00A208AE /* UILesson.swift in Sources */ = {isa = PBXBuildFile; fileRef = 74866B061BEBE5570030FA95 /* UILesson.swift */; };
		741008921BEA8857009FB899 /* TimeCollectionViewCell.swift in Sources */ = {isa = PBXBuildFile; fileRef = 741008911BEA8857009FB899 /* TimeCollectionViewCell.swift */; };
		741559D91C1DB9D700FF0965 /* TTLandscapeCollectionViewLayout.swift in Sources */ = {isa = PBXBuildFile; fileRef = 741559D81C1DB9D700FF0965 /* TTLandscapeCollectionViewLayout.swift */; };
		742889F81BF73A870018EAE4 /* Localizable.strings in Resources */ = {isa = PBXBuildFile; fileRef = 742889FA1BF73A870018EAE4 /* Localizable.strings */; };
		74382ED91BEFBE13007A28C4 /* Day.swift in Sources */ = {isa = PBXBuildFile; fileRef = 74382ED81BEFBE13007A28C4 /* Day.swift */; };
		7443BE141BED2E93007E6807 /* ReplacedLessonCollectionViewCell.swift in Sources */ = {isa = PBXBuildFile; fileRef = 7443BE131BED2E93007E6807 /* ReplacedLessonCollectionViewCell.swift */; };
		7468840B1C0B701600F719BA /* Main.storyboard in Resources */ = {isa = PBXBuildFile; fileRef = 7468840D1C0B701600F719BA /* Main.storyboard */; };
		74866B071BEBE5570030FA95 /* UILesson.swift in Sources */ = {isa = PBXBuildFile; fileRef = 74866B061BEBE5570030FA95 /* UILesson.swift */; };
		74866B091BEBE9BA0030FA95 /* DeclareLesson.swift in Sources */ = {isa = PBXBuildFile; fileRef = 74866B081BEBE9BA0030FA95 /* DeclareLesson.swift */; };
		74866B0C1BEBF10A0030FA95 /* LessonCollectionViewCell.swift in Sources */ = {isa = PBXBuildFile; fileRef = 74866B0B1BEBF10A0030FA95 /* LessonCollectionViewCell.swift */; };
		749997171C19853C00B8FED3 /* TabBarViewController.swift in Sources */ = {isa = PBXBuildFile; fileRef = 749997161C19853C00B8FED3 /* TabBarViewController.swift */; };
		74AA07281C06E20B002AC075 /* InfoPlist.strings in Resources */ = {isa = PBXBuildFile; fileRef = 74AA072A1C06E20B002AC075 /* InfoPlist.strings */; };
		74AD297F1BF75A2D001382F5 /* SettingsTableViewController.swift in Sources */ = {isa = PBXBuildFile; fileRef = 74AD297E1BF75A2D001382F5 /* SettingsTableViewController.swift */; };
		74AD756F1C19CEC2005139BA /* FLPageViewController.swift in Sources */ = {isa = PBXBuildFile; fileRef = 74AD756E1C19CEC2005139BA /* FLPageViewController.swift */; };
		74BA02251C299F9C0022549C /* UserInfoCell.swift in Sources */ = {isa = PBXBuildFile; fileRef = 74BA02241C299F9C0022549C /* UserInfoCell.swift */; };
		74D67FD91C47C7AC009047DB /* DataReciever.swift in Sources */ = {isa = PBXBuildFile; fileRef = 74D67FD81C47C7AC009047DB /* DataReciever.swift */; };
		74D67FDA1C47C87D009047DB /* InfoPlist.strings in Resources */ = {isa = PBXBuildFile; fileRef = 74AA072A1C06E20B002AC075 /* InfoPlist.strings */; };
		74DAD8B91C479D8500C7CD96 /* Day.swift in Sources */ = {isa = PBXBuildFile; fileRef = 74382ED81BEFBE13007A28C4 /* Day.swift */; };
		74DAD8BA1C479D8800C7CD96 /* TimetableTime.swift in Sources */ = {isa = PBXBuildFile; fileRef = 4F8600701BE8D8B700FA53AD /* TimetableTime.swift */; };
		74E18DAB1BFFA27900DE26AF /* LoginWebViewController.swift in Sources */ = {isa = PBXBuildFile; fileRef = 74E18DAA1BFFA27900DE26AF /* LoginWebViewController.swift */; };
		74E41DA41C258195005E15EB /* DeviceSupport.swift in Sources */ = {isa = PBXBuildFile; fileRef = 74E41DA31C258195005E15EB /* DeviceSupport.swift */; };
		74EBE6A11BDD56710026F2AE /* AppDelegate.swift in Sources */ = {isa = PBXBuildFile; fileRef = 74EBE6A01BDD56710026F2AE /* AppDelegate.swift */; };
		74EBE6A31BDD56710026F2AE /* TTCollectionViewController.swift in Sources */ = {isa = PBXBuildFile; fileRef = 74EBE6A21BDD56710026F2AE /* TTCollectionViewController.swift */; };
		74EBE6A91BDD56710026F2AE /* TimeTableFirstTry.xcdatamodeld in Sources */ = {isa = PBXBuildFile; fileRef = 74EBE6A71BDD56710026F2AE /* TimeTableFirstTry.xcdatamodeld */; };
		74EBE6AE1BDD56710026F2AE /* LaunchScreen.storyboard in Resources */ = {isa = PBXBuildFile; fileRef = 74EBE6AC1BDD56710026F2AE /* LaunchScreen.storyboard */; };
		74EBE6D91BDD59580026F2AE /* TTCollectionViewLayout.swift in Sources */ = {isa = PBXBuildFile; fileRef = 74EBE6D81BDD59580026F2AE /* TTCollectionViewLayout.swift */; };
		74EBE6DB1BDD598A0026F2AE /* DayCollectionViewCell.swift in Sources */ = {isa = PBXBuildFile; fileRef = 74EBE6DA1BDD598A0026F2AE /* DayCollectionViewCell.swift */; };
/* End PBXBuildFile section */

/* Begin PBXContainerItemProxy section */
		74080B4F1C46A0DA00A208AE /* PBXContainerItemProxy */ = {
			isa = PBXContainerItemProxy;
			containerPortal = 74EBE6951BDD56710026F2AE /* Project object */;
			proxyType = 1;
			remoteGlobalIDString = 74080B451C46A0D900A208AE;
			remoteInfo = nextlesson;
		};
/* End PBXContainerItemProxy section */

/* Begin PBXCopyFilesBuildPhase section */
		74156C0B1C02240A0050740D /* Embed App Extensions */ = {
			isa = PBXCopyFilesBuildPhase;
			buildActionMask = 2147483647;
			dstPath = "";
			dstSubfolderSpec = 13;
			files = (
				74080B511C46A0DA00A208AE /* nextlesson.appex in Embed App Extensions */,
			);
			name = "Embed App Extensions";
			runOnlyForDeploymentPostprocessing = 0;
		};
/* End PBXCopyFilesBuildPhase section */

/* Begin PBXFileReference section */
		4F219C191C2472DF006EA0DB /* URLBuildingSupport.swift */ = {isa = PBXFileReference; fileEncoding = 4; lastKnownFileType = sourcecode.swift; path = URLBuildingSupport.swift; sourceTree = "<group>"; };
		4F2CAE571C232058007CCC7B /* NotificationHandler.swift */ = {isa = PBXFileReference; fileEncoding = 4; lastKnownFileType = sourcecode.swift; path = NotificationHandler.swift; sourceTree = "<group>"; };
		4F4BE6871BFDEE3A001EDE35 /* .gitignore */ = {isa = PBXFileReference; fileEncoding = 4; lastKnownFileType = text; path = .gitignore; sourceTree = "<group>"; };
		4F4DE7691C21CCDA00F67890 /* APIBackgroundHandler.swift */ = {isa = PBXFileReference; fileEncoding = 4; lastKnownFileType = sourcecode.swift; path = APIBackgroundHandler.swift; sourceTree = "<group>"; };
		4F4DE76B1C21E6A900F67890 /* TokenResponseHandler.swift */ = {isa = PBXFileReference; fileEncoding = 4; lastKnownFileType = sourcecode.swift; path = TokenResponseHandler.swift; sourceTree = "<group>"; };
		4F8600701BE8D8B700FA53AD /* TimetableTime.swift */ = {isa = PBXFileReference; fileEncoding = 4; lastKnownFileType = sourcecode.swift; path = TimetableTime.swift; sourceTree = "<group>"; };
		4FB5A78E1C060013007977FB /* APIHandler.swift */ = {isa = PBXFileReference; fileEncoding = 4; lastKnownFileType = sourcecode.swift; path = APIHandler.swift; sourceTree = "<group>"; };
		4FBEFFEB1BEB7A78007C4647 /* Token.swift */ = {isa = PBXFileReference; fileEncoding = 4; lastKnownFileType = sourcecode.swift; path = Token.swift; sourceTree = "<group>"; };
		4FC8F9DB1C06190E00D15752 /* TokenStorage.swift */ = {isa = PBXFileReference; fileEncoding = 4; lastKnownFileType = sourcecode.swift; path = TokenStorage.swift; sourceTree = "<group>"; };
		4FC8F9DD1C061F2000D15752 /* TimeTableData.swift */ = {isa = PBXFileReference; fileEncoding = 4; lastKnownFileType = sourcecode.swift; path = TimeTableData.swift; sourceTree = "<group>"; };
		4FC8F9DF1C061F4700D15752 /* TimeTableStorage.swift */ = {isa = PBXFileReference; fileEncoding = 4; lastKnownFileType = sourcecode.swift; path = TimeTableStorage.swift; sourceTree = "<group>"; };
		7402B3E51C031EB40048C5D7 /* Assets.xcassets */ = {isa = PBXFileReference; lastKnownFileType = folder.assetcatalog; path = Assets.xcassets; sourceTree = "<group>"; };
		74080B461C46A0D900A208AE /* nextlesson.appex */ = {isa = PBXFileReference; explicitFileType = "wrapper.app-extension"; includeInIndex = 0; path = nextlesson.appex; sourceTree = BUILT_PRODUCTS_DIR; };
		74080B491C46A0DA00A208AE /* TodayViewController.swift */ = {isa = PBXFileReference; lastKnownFileType = sourcecode.swift; path = TodayViewController.swift; sourceTree = "<group>"; };
		74080B4C1C46A0DA00A208AE /* Base */ = {isa = PBXFileReference; lastKnownFileType = file.storyboard; name = Base; path = Base.lproj/MainInterface.storyboard; sourceTree = "<group>"; };
		74080B4E1C46A0DA00A208AE /* Info.plist */ = {isa = PBXFileReference; lastKnownFileType = text.plist.xml; path = Info.plist; sourceTree = "<group>"; };
		74080B551C46A2D700A208AE /* TodayLayout.swift */ = {isa = PBXFileReference; fileEncoding = 4; lastKnownFileType = sourcecode.swift; path = TodayLayout.swift; sourceTree = "<group>"; };
		74080B5B1C46AC5400A208AE /* Timetable App.entitlements */ = {isa = PBXFileReference; lastKnownFileType = text.xml; path = "Timetable App.entitlements"; sourceTree = SOURCE_ROOT; };
		74080B5C1C46AC6C00A208AE /* nextlesson.entitlements */ = {isa = PBXFileReference; lastKnownFileType = text.xml; path = nextlesson.entitlements; sourceTree = "<group>"; };
		741008911BEA8857009FB899 /* TimeCollectionViewCell.swift */ = {isa = PBXFileReference; fileEncoding = 4; lastKnownFileType = sourcecode.swift; path = TimeCollectionViewCell.swift; sourceTree = "<group>"; };
		741559D81C1DB9D700FF0965 /* TTLandscapeCollectionViewLayout.swift */ = {isa = PBXFileReference; fileEncoding = 4; lastKnownFileType = sourcecode.swift; path = TTLandscapeCollectionViewLayout.swift; sourceTree = "<group>"; };
		742889F41BF737900018EAE4 /* de */ = {isa = PBXFileReference; lastKnownFileType = text.plist.strings; name = de; path = de.lproj/LaunchScreen.strings; sourceTree = "<group>"; };
		742889F91BF73A870018EAE4 /* de */ = {isa = PBXFileReference; lastKnownFileType = text.plist.strings; name = de; path = de.lproj/Localizable.strings; sourceTree = "<group>"; };
		742889FB1BF73A8A0018EAE4 /* Base */ = {isa = PBXFileReference; lastKnownFileType = text.plist.strings; name = Base; path = Base.lproj/Localizable.strings; sourceTree = "<group>"; };
		74382ED81BEFBE13007A28C4 /* Day.swift */ = {isa = PBXFileReference; fileEncoding = 4; lastKnownFileType = sourcecode.swift; path = Day.swift; sourceTree = "<group>"; };
		743ED8881BF6339A00DA2E46 /* NotificationCenter.framework */ = {isa = PBXFileReference; lastKnownFileType = wrapper.framework; name = NotificationCenter.framework; path = System/Library/Frameworks/NotificationCenter.framework; sourceTree = SDKROOT; };
		7443BE131BED2E93007E6807 /* ReplacedLessonCollectionViewCell.swift */ = {isa = PBXFileReference; fileEncoding = 4; lastKnownFileType = sourcecode.swift; path = ReplacedLessonCollectionViewCell.swift; sourceTree = "<group>"; };
		744AAE2E1C2ABB1200562BCF /* de */ = {isa = PBXFileReference; lastKnownFileType = text.plist.strings; name = de; path = de.lproj/Main.strings; sourceTree = "<group>"; };
		7468840C1C0B701600F719BA /* Base */ = {isa = PBXFileReference; lastKnownFileType = file.storyboard; name = Base; path = Base.lproj/Main.storyboard; sourceTree = "<group>"; };
		74866B061BEBE5570030FA95 /* UILesson.swift */ = {isa = PBXFileReference; fileEncoding = 4; lastKnownFileType = sourcecode.swift; path = UILesson.swift; sourceTree = "<group>"; };
		74866B081BEBE9BA0030FA95 /* DeclareLesson.swift */ = {isa = PBXFileReference; fileEncoding = 4; lastKnownFileType = sourcecode.swift; path = DeclareLesson.swift; sourceTree = "<group>"; };
		74866B0B1BEBF10A0030FA95 /* LessonCollectionViewCell.swift */ = {isa = PBXFileReference; fileEncoding = 4; lastKnownFileType = sourcecode.swift; path = LessonCollectionViewCell.swift; sourceTree = "<group>"; };
		749997161C19853C00B8FED3 /* TabBarViewController.swift */ = {isa = PBXFileReference; fileEncoding = 4; lastKnownFileType = sourcecode.swift; path = TabBarViewController.swift; sourceTree = "<group>"; };
		74AA07291C06E20B002AC075 /* Base */ = {isa = PBXFileReference; lastKnownFileType = text.plist.strings; name = Base; path = Base.lproj/InfoPlist.strings; sourceTree = "<group>"; };
		74AA072B1C06E210002AC075 /* de */ = {isa = PBXFileReference; lastKnownFileType = text.plist.strings; name = de; path = de.lproj/InfoPlist.strings; sourceTree = "<group>"; };
		74AD297E1BF75A2D001382F5 /* SettingsTableViewController.swift */ = {isa = PBXFileReference; fileEncoding = 4; lastKnownFileType = sourcecode.swift; path = SettingsTableViewController.swift; sourceTree = "<group>"; };
		74AD756E1C19CEC2005139BA /* FLPageViewController.swift */ = {isa = PBXFileReference; fileEncoding = 4; lastKnownFileType = sourcecode.swift; path = FLPageViewController.swift; sourceTree = "<group>"; };
		74BA02241C299F9C0022549C /* UserInfoCell.swift */ = {isa = PBXFileReference; fileEncoding = 4; lastKnownFileType = sourcecode.swift; path = UserInfoCell.swift; sourceTree = "<group>"; };
		74D67FD81C47C7AC009047DB /* DataReciever.swift */ = {isa = PBXFileReference; fileEncoding = 4; lastKnownFileType = sourcecode.swift; path = DataReciever.swift; sourceTree = "<group>"; };
		74E18DAA1BFFA27900DE26AF /* LoginWebViewController.swift */ = {isa = PBXFileReference; fileEncoding = 4; lastKnownFileType = sourcecode.swift; path = LoginWebViewController.swift; sourceTree = "<group>"; };
		74E41DA31C258195005E15EB /* DeviceSupport.swift */ = {isa = PBXFileReference; fileEncoding = 4; lastKnownFileType = sourcecode.swift; path = DeviceSupport.swift; sourceTree = "<group>"; };
		74EBE69D1BDD56710026F2AE /* Timetable App.app */ = {isa = PBXFileReference; explicitFileType = wrapper.application; includeInIndex = 0; path = "Timetable App.app"; sourceTree = BUILT_PRODUCTS_DIR; };
		74EBE6A01BDD56710026F2AE /* AppDelegate.swift */ = {isa = PBXFileReference; lastKnownFileType = sourcecode.swift; path = AppDelegate.swift; sourceTree = "<group>"; };
		74EBE6A21BDD56710026F2AE /* TTCollectionViewController.swift */ = {isa = PBXFileReference; lastKnownFileType = sourcecode.swift; path = TTCollectionViewController.swift; sourceTree = "<group>"; };
		74EBE6A81BDD56710026F2AE /* TimeTableFirstTry.xcdatamodel */ = {isa = PBXFileReference; lastKnownFileType = wrapper.xcdatamodel; path = TimeTableFirstTry.xcdatamodel; sourceTree = "<group>"; };
		74EBE6AD1BDD56710026F2AE /* Base */ = {isa = PBXFileReference; lastKnownFileType = file.storyboard; name = Base; path = Base.lproj/LaunchScreen.storyboard; sourceTree = "<group>"; };
		74EBE6AF1BDD56710026F2AE /* Info.plist */ = {isa = PBXFileReference; lastKnownFileType = text.plist.xml; name = Info.plist; path = TimeTableFirstTry/Info.plist; sourceTree = "<group>"; };
		74EBE6D81BDD59580026F2AE /* TTCollectionViewLayout.swift */ = {isa = PBXFileReference; fileEncoding = 4; lastKnownFileType = sourcecode.swift; path = TTCollectionViewLayout.swift; sourceTree = "<group>"; };
		74EBE6DA1BDD598A0026F2AE /* DayCollectionViewCell.swift */ = {isa = PBXFileReference; fileEncoding = 4; lastKnownFileType = sourcecode.swift; path = DayCollectionViewCell.swift; sourceTree = "<group>"; };
/* End PBXFileReference section */

/* Begin PBXFrameworksBuildPhase section */
		74080B431C46A0D900A208AE /* Frameworks */ = {
			isa = PBXFrameworksBuildPhase;
			buildActionMask = 2147483647;
			files = (
				74080B471C46A0DA00A208AE /* NotificationCenter.framework in Frameworks */,
			);
			runOnlyForDeploymentPostprocessing = 0;
		};
		74EBE69A1BDD56710026F2AE /* Frameworks */ = {
			isa = PBXFrameworksBuildPhase;
			buildActionMask = 2147483647;
			files = (
			);
			runOnlyForDeploymentPostprocessing = 0;
		};
/* End PBXFrameworksBuildPhase section */

/* Begin PBXGroup section */
		4F2CAE561C23203E007CCC7B /* Notifications */ = {
			isa = PBXGroup;
			children = (
				4F2CAE571C232058007CCC7B /* NotificationHandler.swift */,
			);
			name = Notifications;
			sourceTree = "<group>";
		};
		4F6402DC1BE8BEFB00A611F6 /* API */ = {
			isa = PBXGroup;
			children = (
				4FB5A78E1C060013007977FB /* APIHandler.swift */,
				4F4DE7691C21CCDA00F67890 /* APIBackgroundHandler.swift */,
				4F4DE76B1C21E6A900F67890 /* TokenResponseHandler.swift */,
			);
			name = API;
			sourceTree = "<group>";
		};
		4F86006F1BE8D8AA00FA53AD /* Time */ = {
			isa = PBXGroup;
			children = (
				74382ED81BEFBE13007A28C4 /* Day.swift */,
				4F8600701BE8D8B700FA53AD /* TimetableTime.swift */,
			);
			name = Time;
			sourceTree = "<group>";
		};
		4FC8F9DA1C0618E300D15752 /* DataStorage */ = {
			isa = PBXGroup;
			children = (
				4FBEFFEB1BEB7A78007C4647 /* Token.swift */,
				4FC8F9DB1C06190E00D15752 /* TokenStorage.swift */,
				4FC8F9DD1C061F2000D15752 /* TimeTableData.swift */,
				4FC8F9DF1C061F4700D15752 /* TimeTableStorage.swift */,
			);
			name = DataStorage;
			sourceTree = "<group>";
		};
		74080B481C46A0DA00A208AE /* nextlesson */ = {
			isa = PBXGroup;
			children = (
				74080B5C1C46AC6C00A208AE /* nextlesson.entitlements */,
				74080B491C46A0DA00A208AE /* TodayViewController.swift */,
				74080B551C46A2D700A208AE /* TodayLayout.swift */,
				74D67FD81C47C7AC009047DB /* DataReciever.swift */,
				74080B4B1C46A0DA00A208AE /* MainInterface.storyboard */,
				74080B4E1C46A0DA00A208AE /* Info.plist */,
			);
			path = nextlesson;
			sourceTree = "<group>";
		};
		74285B831BF4B58200446CBF /* Storyboards */ = {
			isa = PBXGroup;
			children = (
				7468840D1C0B701600F719BA /* Main.storyboard */,
				74EBE6AC1BDD56710026F2AE /* LaunchScreen.storyboard */,
			);
			name = Storyboards;
			sourceTree = "<group>";
		};
		742889F51BF739E50018EAE4 /* Lang */ = {
			isa = PBXGroup;
			children = (
				742889FA1BF73A870018EAE4 /* Localizable.strings */,
				74AA072A1C06E20B002AC075 /* InfoPlist.strings */,
			);
			name = Lang;
			sourceTree = "<group>";
		};
		743ED8871BF6339A00DA2E46 /* Frameworks */ = {
			isa = PBXGroup;
			children = (
				743ED8881BF6339A00DA2E46 /* NotificationCenter.framework */,
			);
			name = Frameworks;
			sourceTree = "<group>";
		};
		743ED89A1BF63E5900DA2E46 /* App */ = {
			isa = PBXGroup;
			children = (
				74E41DA21C258150005E15EB /* Supporting Classes */,
				4F2CAE561C23203E007CCC7B /* Notifications */,
				749997151C19852100B8FED3 /* TabBar */,
				4FC8F9DA1C0618E300D15752 /* DataStorage */,
				74E18DA91BFFA24C00DE26AF /* First Launch / WebView */,
				742889F51BF739E50018EAE4 /* Lang */,
				74866B051BEBE5400030FA95 /* Lesson */,
				4F86006F1BE8D8AA00FA53AD /* Time */,
				74AD297D1BF759D7001382F5 /* Settings */,
				4F6402DC1BE8BEFB00A611F6 /* API */,
				746D982E1BF47DFB00240CAC /* TTCollectionView */,
				74285B831BF4B58200446CBF /* Storyboards */,
				74EBE6A01BDD56710026F2AE /* AppDelegate.swift */,
				74EBE6A71BDD56710026F2AE /* TimeTableFirstTry.xcdatamodeld */,
				7402B3E51C031EB40048C5D7 /* Assets.xcassets */,
			);
			name = App;
			sourceTree = "<group>";
		};
		746D982E1BF47DFB00240CAC /* TTCollectionView */ = {
			isa = PBXGroup;
			children = (
				74EBE6A21BDD56710026F2AE /* TTCollectionViewController.swift */,
				74D993401C208DB3001333CA /* Layouts */,
				74EBE6D11BDD582A0026F2AE /* Cells */,
			);
			name = TTCollectionView;
			sourceTree = "<group>";
		};
		74866B051BEBE5400030FA95 /* Lesson */ = {
			isa = PBXGroup;
			children = (
				74866B061BEBE5570030FA95 /* UILesson.swift */,
				74866B081BEBE9BA0030FA95 /* DeclareLesson.swift */,
			);
			name = Lesson;
			sourceTree = "<group>";
		};
		749997151C19852100B8FED3 /* TabBar */ = {
			isa = PBXGroup;
			children = (
				749997161C19853C00B8FED3 /* TabBarViewController.swift */,
			);
			name = TabBar;
			sourceTree = "<group>";
		};
		74AD297D1BF759D7001382F5 /* Settings */ = {
			isa = PBXGroup;
			children = (
				74AD297E1BF75A2D001382F5 /* SettingsTableViewController.swift */,
				74BA02241C299F9C0022549C /* UserInfoCell.swift */,
			);
			name = Settings;
			sourceTree = "<group>";
		};
		74D993401C208DB3001333CA /* Layouts */ = {
			isa = PBXGroup;
			children = (
				74EBE6D81BDD59580026F2AE /* TTCollectionViewLayout.swift */,
				741559D81C1DB9D700FF0965 /* TTLandscapeCollectionViewLayout.swift */,
			);
			name = Layouts;
			sourceTree = "<group>";
		};
		74E18DA91BFFA24C00DE26AF /* First Launch / WebView */ = {
			isa = PBXGroup;
			children = (
				74E18DAA1BFFA27900DE26AF /* LoginWebViewController.swift */,
				74AD756E1C19CEC2005139BA /* FLPageViewController.swift */,
			);
			name = "First Launch / WebView";
			sourceTree = "<group>";
		};
		74E41DA21C258150005E15EB /* Supporting Classes */ = {
			isa = PBXGroup;
			children = (
				74E41DA31C258195005E15EB /* DeviceSupport.swift */,
				4F219C191C2472DF006EA0DB /* URLBuildingSupport.swift */,
			);
			name = "Supporting Classes";
			sourceTree = "<group>";
		};
		74EBE6941BDD56710026F2AE = {
			isa = PBXGroup;
			children = (
				4F4BE6871BFDEE3A001EDE35 /* .gitignore */,
				74EBE69F1BDD56710026F2AE /* Timetable App */,
				74EBE6AF1BDD56710026F2AE /* Info.plist */,
				74080B481C46A0DA00A208AE /* nextlesson */,
				743ED8871BF6339A00DA2E46 /* Frameworks */,
				74EBE69E1BDD56710026F2AE /* Products */,
			);
			sourceTree = "<group>";
		};
		74EBE69E1BDD56710026F2AE /* Products */ = {
			isa = PBXGroup;
			children = (
				74EBE69D1BDD56710026F2AE /* Timetable App.app */,
				74080B461C46A0D900A208AE /* nextlesson.appex */,
			);
			name = Products;
			sourceTree = "<group>";
		};
		74EBE69F1BDD56710026F2AE /* Timetable App */ = {
			isa = PBXGroup;
			children = (
				74080B5B1C46AC5400A208AE /* Timetable App.entitlements */,
				743ED89A1BF63E5900DA2E46 /* App */,
			);
			name = "Timetable App";
			path = TimeTableFirstTry;
			sourceTree = "<group>";
		};
		74EBE6D11BDD582A0026F2AE /* Cells */ = {
			isa = PBXGroup;
			children = (
				741008911BEA8857009FB899 /* TimeCollectionViewCell.swift */,
				74EBE6DA1BDD598A0026F2AE /* DayCollectionViewCell.swift */,
				7443BE131BED2E93007E6807 /* ReplacedLessonCollectionViewCell.swift */,
				74866B0B1BEBF10A0030FA95 /* LessonCollectionViewCell.swift */,
			);
			name = Cells;
			sourceTree = "<group>";
		};
/* End PBXGroup section */

/* Begin PBXNativeTarget section */
		74080B451C46A0D900A208AE /* nextlesson */ = {
			isa = PBXNativeTarget;
			buildConfigurationList = 74080B541C46A0DA00A208AE /* Build configuration list for PBXNativeTarget "nextlesson" */;
			buildPhases = (
				74080B421C46A0D900A208AE /* Sources */,
				74080B431C46A0D900A208AE /* Frameworks */,
				74080B441C46A0D900A208AE /* Resources */,
			);
			buildRules = (
			);
			dependencies = (
			);
			name = nextlesson;
			productName = nextlesson;
			productReference = 74080B461C46A0D900A208AE /* nextlesson.appex */;
			productType = "com.apple.product-type.app-extension";
		};
		74EBE69C1BDD56710026F2AE /* Timetable App */ = {
			isa = PBXNativeTarget;
			buildConfigurationList = 74EBE6C81BDD56720026F2AE /* Build configuration list for PBXNativeTarget "Timetable App" */;
			buildPhases = (
				74EBE6991BDD56710026F2AE /* Sources */,
				74EBE69A1BDD56710026F2AE /* Frameworks */,
				74EBE69B1BDD56710026F2AE /* Resources */,
				74156C0B1C02240A0050740D /* Embed App Extensions */,
			);
			buildRules = (
			);
			dependencies = (
				74080B501C46A0DA00A208AE /* PBXTargetDependency */,
			);
			name = "Timetable App";
			productName = TimeTableFirstTry;
			productReference = 74EBE69D1BDD56710026F2AE /* Timetable App.app */;
			productType = "com.apple.product-type.application";
		};
/* End PBXNativeTarget section */

/* Begin PBXProject section */
		74EBE6951BDD56710026F2AE /* Project object */ = {
			isa = PBXProject;
			attributes = {
				LastSwiftUpdateCheck = 0720;
				LastUpgradeCheck = 0700;
				ORGANIZATIONNAME = "Aurel Feer";
				TargetAttributes = {
					74080B451C46A0D900A208AE = {
						CreatedOnToolsVersion = 7.2;
						DevelopmentTeam = LFNP3438N3;
						SystemCapabilities = {
							com.apple.ApplicationGroups.iOS = {
								enabled = 1;
							};
						};
					};
					74EBE69C1BDD56710026F2AE = {
						CreatedOnToolsVersion = 7.0.1;
						DevelopmentTeam = LFNP3438N3;
						SystemCapabilities = {
							com.apple.ApplicationGroups.iOS = {
								enabled = 1;
							};
							com.apple.BackgroundModes = {
								enabled = 1;
							};
							com.apple.Push = {
								enabled = 1;
							};
						};
					};
				};
			};
			buildConfigurationList = 74EBE6981BDD56710026F2AE /* Build configuration list for PBXProject "Timetable App" */;
			compatibilityVersion = "Xcode 3.2";
			developmentRegion = English;
			hasScannedForEncodings = 0;
			knownRegions = (
				en,
				Base,
				de,
			);
			mainGroup = 74EBE6941BDD56710026F2AE;
			productRefGroup = 74EBE69E1BDD56710026F2AE /* Products */;
			projectDirPath = "";
			projectRoot = "";
			targets = (
				74EBE69C1BDD56710026F2AE /* Timetable App */,
				74080B451C46A0D900A208AE /* nextlesson */,
			);
		};
/* End PBXProject section */

/* Begin PBXResourcesBuildPhase section */
		74080B441C46A0D900A208AE /* Resources */ = {
			isa = PBXResourcesBuildPhase;
			buildActionMask = 2147483647;
			files = (
				74080B4D1C46A0DA00A208AE /* MainInterface.storyboard in Resources */,
				74D67FDA1C47C87D009047DB /* InfoPlist.strings in Resources */,
			);
			runOnlyForDeploymentPostprocessing = 0;
		};
		74EBE69B1BDD56710026F2AE /* Resources */ = {
			isa = PBXResourcesBuildPhase;
			buildActionMask = 2147483647;
			files = (
				7468840B1C0B701600F719BA /* Main.storyboard in Resources */,
				74AA07281C06E20B002AC075 /* InfoPlist.strings in Resources */,
				4F4BE6881BFDEE3A001EDE35 /* .gitignore in Resources */,
				742889F81BF73A870018EAE4 /* Localizable.strings in Resources */,
				74EBE6AE1BDD56710026F2AE /* LaunchScreen.storyboard in Resources */,
				7402B3E61C031EB40048C5D7 /* Assets.xcassets in Resources */,
			);
			runOnlyForDeploymentPostprocessing = 0;
		};
/* End PBXResourcesBuildPhase section */

/* Begin PBXSourcesBuildPhase section */
		74080B421C46A0D900A208AE /* Sources */ = {
			isa = PBXSourcesBuildPhase;
			buildActionMask = 2147483647;
			files = (
				74080B5A1C46A9C600A208AE /* LessonCollectionViewCell.swift in Sources */,
				74080B561C46A2D700A208AE /* TodayLayout.swift in Sources */,
				74DAD8B91C479D8500C7CD96 /* Day.swift in Sources */,
				74080B571C46A9BC00A208AE /* TimeCollectionViewCell.swift in Sources */,
				74D67FD91C47C7AC009047DB /* DataReciever.swift in Sources */,
				74080B591C46A9C200A208AE /* ReplacedLessonCollectionViewCell.swift in Sources */,
				74DAD8BA1C479D8800C7CD96 /* TimetableTime.swift in Sources */,
				74080B5E1C46BA1C00A208AE /* UILesson.swift in Sources */,
				74080B4A1C46A0DA00A208AE /* TodayViewController.swift in Sources */,
			);
			runOnlyForDeploymentPostprocessing = 0;
		};
		74EBE6991BDD56710026F2AE /* Sources */ = {
			isa = PBXSourcesBuildPhase;
			buildActionMask = 2147483647;
			files = (
				741559D91C1DB9D700FF0965 /* TTLandscapeCollectionViewLayout.swift in Sources */,
				74EBE6A31BDD56710026F2AE /* TTCollectionViewController.swift in Sources */,
				4FBEFFEC1BEB7A78007C4647 /* Token.swift in Sources */,
				7443BE141BED2E93007E6807 /* ReplacedLessonCollectionViewCell.swift in Sources */,
				4FC8F9E01C061F4700D15752 /* TimeTableStorage.swift in Sources */,
				74EBE6A11BDD56710026F2AE /* AppDelegate.swift in Sources */,
				4FC8F9DE1C061F2000D15752 /* TimeTableData.swift in Sources */,
				4F4DE76C1C21E6A900F67890 /* TokenResponseHandler.swift in Sources */,
				74BA02251C299F9C0022549C /* UserInfoCell.swift in Sources */,
				4FB5A78F1C060013007977FB /* APIHandler.swift in Sources */,
				74866B071BEBE5570030FA95 /* UILesson.swift in Sources */,
				74E41DA41C258195005E15EB /* DeviceSupport.swift in Sources */,
				74EBE6D91BDD59580026F2AE /* TTCollectionViewLayout.swift in Sources */,
				74EBE6A91BDD56710026F2AE /* TimeTableFirstTry.xcdatamodeld in Sources */,
				741008921BEA8857009FB899 /* TimeCollectionViewCell.swift in Sources */,
				4F8600711BE8D8B700FA53AD /* TimetableTime.swift in Sources */,
				749997171C19853C00B8FED3 /* TabBarViewController.swift in Sources */,
				74866B091BEBE9BA0030FA95 /* DeclareLesson.swift in Sources */,
				4FC8F9DC1C06190E00D15752 /* TokenStorage.swift in Sources */,
				74382ED91BEFBE13007A28C4 /* Day.swift in Sources */,
				4F219C1A1C2472DF006EA0DB /* URLBuildingSupport.swift in Sources */,
				74E18DAB1BFFA27900DE26AF /* LoginWebViewController.swift in Sources */,
				74AD297F1BF75A2D001382F5 /* SettingsTableViewController.swift in Sources */,
				4F4DE76A1C21CCDA00F67890 /* APIBackgroundHandler.swift in Sources */,
				74AD756F1C19CEC2005139BA /* FLPageViewController.swift in Sources */,
				74866B0C1BEBF10A0030FA95 /* LessonCollectionViewCell.swift in Sources */,
				74EBE6DB1BDD598A0026F2AE /* DayCollectionViewCell.swift in Sources */,
				4F2CAE581C232058007CCC7B /* NotificationHandler.swift in Sources */,
			);
			runOnlyForDeploymentPostprocessing = 0;
		};
/* End PBXSourcesBuildPhase section */

/* Begin PBXTargetDependency section */
		74080B501C46A0DA00A208AE /* PBXTargetDependency */ = {
			isa = PBXTargetDependency;
			target = 74080B451C46A0D900A208AE /* nextlesson */;
			targetProxy = 74080B4F1C46A0DA00A208AE /* PBXContainerItemProxy */;
		};
/* End PBXTargetDependency section */

/* Begin PBXVariantGroup section */
		74080B4B1C46A0DA00A208AE /* MainInterface.storyboard */ = {
			isa = PBXVariantGroup;
			children = (
				74080B4C1C46A0DA00A208AE /* Base */,
			);
			name = MainInterface.storyboard;
			sourceTree = "<group>";
		};
		742889FA1BF73A870018EAE4 /* Localizable.strings */ = {
			isa = PBXVariantGroup;
			children = (
				742889F91BF73A870018EAE4 /* de */,
				742889FB1BF73A8A0018EAE4 /* Base */,
			);
			name = Localizable.strings;
			sourceTree = "<group>";
		};
		7468840D1C0B701600F719BA /* Main.storyboard */ = {
			isa = PBXVariantGroup;
			children = (
				7468840C1C0B701600F719BA /* Base */,
				744AAE2E1C2ABB1200562BCF /* de */,
			);
			name = Main.storyboard;
			sourceTree = "<group>";
		};
		74AA072A1C06E20B002AC075 /* InfoPlist.strings */ = {
			isa = PBXVariantGroup;
			children = (
				74AA07291C06E20B002AC075 /* Base */,
				74AA072B1C06E210002AC075 /* de */,
			);
			name = InfoPlist.strings;
			sourceTree = "<group>";
		};
		74EBE6AC1BDD56710026F2AE /* LaunchScreen.storyboard */ = {
			isa = PBXVariantGroup;
			children = (
				74EBE6AD1BDD56710026F2AE /* Base */,
				742889F41BF737900018EAE4 /* de */,
			);
			name = LaunchScreen.storyboard;
			sourceTree = "<group>";
		};
/* End PBXVariantGroup section */

/* Begin XCBuildConfiguration section */
		74080B521C46A0DA00A208AE /* Debug */ = {
			isa = XCBuildConfiguration;
			buildSettings = {
				CODE_SIGN_ENTITLEMENTS = nextlesson/nextlesson.entitlements;
				CODE_SIGN_IDENTITY = "iPhone Developer";
				"CODE_SIGN_IDENTITY[sdk=iphoneos*]" = "iPhone Developer";
				INFOPLIST_FILE = nextlesson/Info.plist;
				IPHONEOS_DEPLOYMENT_TARGET = 9.2;
				LD_RUNPATH_SEARCH_PATHS = "$(inherited) @executable_path/Frameworks @executable_path/../../Frameworks";
				PRODUCT_BUNDLE_IDENTIFIER = lee.labf.timetable.nextlesson;
				PRODUCT_NAME = "$(TARGET_NAME)";
				PROVISIONING_PROFILE = "";
				SKIP_INSTALL = YES;
			};
			name = Debug;
		};
		74080B531C46A0DA00A208AE /* Release */ = {
			isa = XCBuildConfiguration;
			buildSettings = {
				CODE_SIGN_ENTITLEMENTS = nextlesson/nextlesson.entitlements;
				CODE_SIGN_IDENTITY = "iPhone Developer";
				"CODE_SIGN_IDENTITY[sdk=iphoneos*]" = "iPhone Developer";
				INFOPLIST_FILE = nextlesson/Info.plist;
				IPHONEOS_DEPLOYMENT_TARGET = 9.2;
				LD_RUNPATH_SEARCH_PATHS = "$(inherited) @executable_path/Frameworks @executable_path/../../Frameworks";
				PRODUCT_BUNDLE_IDENTIFIER = lee.labf.timetable.nextlesson;
				PRODUCT_NAME = "$(TARGET_NAME)";
				PROVISIONING_PROFILE = "";
				SKIP_INSTALL = YES;
			};
			name = Release;
		};
		74EBE6C61BDD56720026F2AE /* Debug */ = {
			isa = XCBuildConfiguration;
			buildSettings = {
				ALWAYS_SEARCH_USER_PATHS = NO;
				CLANG_CXX_LANGUAGE_STANDARD = "gnu++0x";
				CLANG_CXX_LIBRARY = "libc++";
				CLANG_ENABLE_MODULES = YES;
				CLANG_ENABLE_OBJC_ARC = YES;
				CLANG_WARN_BOOL_CONVERSION = YES;
				CLANG_WARN_CONSTANT_CONVERSION = YES;
				CLANG_WARN_DIRECT_OBJC_ISA_USAGE = YES_ERROR;
				CLANG_WARN_EMPTY_BODY = YES;
				CLANG_WARN_ENUM_CONVERSION = YES;
				CLANG_WARN_INT_CONVERSION = YES;
				CLANG_WARN_OBJC_ROOT_CLASS = YES_ERROR;
				CLANG_WARN_UNREACHABLE_CODE = YES;
				CLANG_WARN__DUPLICATE_METHOD_MATCH = YES;
				"CODE_SIGN_IDENTITY[sdk=iphoneos*]" = "iPhone Developer";
				COPY_PHASE_STRIP = NO;
				DEBUG_INFORMATION_FORMAT = dwarf;
				ENABLE_STRICT_OBJC_MSGSEND = YES;
				ENABLE_TESTABILITY = YES;
				GCC_C_LANGUAGE_STANDARD = gnu99;
				GCC_DYNAMIC_NO_PIC = NO;
				GCC_NO_COMMON_BLOCKS = YES;
				GCC_OPTIMIZATION_LEVEL = 0;
				GCC_PREPROCESSOR_DEFINITIONS = (
					"DEBUG=1",
					"$(inherited)",
				);
				GCC_WARN_64_TO_32_BIT_CONVERSION = YES;
				GCC_WARN_ABOUT_RETURN_TYPE = YES_ERROR;
				GCC_WARN_UNDECLARED_SELECTOR = YES;
				GCC_WARN_UNINITIALIZED_AUTOS = YES_AGGRESSIVE;
				GCC_WARN_UNUSED_FUNCTION = YES;
				GCC_WARN_UNUSED_VARIABLE = YES;
				IPHONEOS_DEPLOYMENT_TARGET = 9.0;
				MTL_ENABLE_DEBUG_INFO = YES;
				ONLY_ACTIVE_ARCH = YES;
				SDKROOT = iphoneos;
				SWIFT_OPTIMIZATION_LEVEL = "-Onone";
			};
			name = Debug;
		};
		74EBE6C71BDD56720026F2AE /* Release */ = {
			isa = XCBuildConfiguration;
			buildSettings = {
				ALWAYS_SEARCH_USER_PATHS = NO;
				CLANG_CXX_LANGUAGE_STANDARD = "gnu++0x";
				CLANG_CXX_LIBRARY = "libc++";
				CLANG_ENABLE_MODULES = YES;
				CLANG_ENABLE_OBJC_ARC = YES;
				CLANG_WARN_BOOL_CONVERSION = YES;
				CLANG_WARN_CONSTANT_CONVERSION = YES;
				CLANG_WARN_DIRECT_OBJC_ISA_USAGE = YES_ERROR;
				CLANG_WARN_EMPTY_BODY = YES;
				CLANG_WARN_ENUM_CONVERSION = YES;
				CLANG_WARN_INT_CONVERSION = YES;
				CLANG_WARN_OBJC_ROOT_CLASS = YES_ERROR;
				CLANG_WARN_UNREACHABLE_CODE = YES;
				CLANG_WARN__DUPLICATE_METHOD_MATCH = YES;
				"CODE_SIGN_IDENTITY[sdk=iphoneos*]" = "iPhone Developer";
				COPY_PHASE_STRIP = NO;
				DEBUG_INFORMATION_FORMAT = "dwarf-with-dsym";
				ENABLE_NS_ASSERTIONS = NO;
				ENABLE_STRICT_OBJC_MSGSEND = YES;
				GCC_C_LANGUAGE_STANDARD = gnu99;
				GCC_NO_COMMON_BLOCKS = YES;
				GCC_WARN_64_TO_32_BIT_CONVERSION = YES;
				GCC_WARN_ABOUT_RETURN_TYPE = YES_ERROR;
				GCC_WARN_UNDECLARED_SELECTOR = YES;
				GCC_WARN_UNINITIALIZED_AUTOS = YES_AGGRESSIVE;
				GCC_WARN_UNUSED_FUNCTION = YES;
				GCC_WARN_UNUSED_VARIABLE = YES;
				IPHONEOS_DEPLOYMENT_TARGET = 9.0;
				MTL_ENABLE_DEBUG_INFO = NO;
				SDKROOT = iphoneos;
				VALIDATE_PRODUCT = YES;
			};
			name = Release;
		};
		74EBE6C91BDD56720026F2AE /* Debug */ = {
			isa = XCBuildConfiguration;
			buildSettings = {
				ASSETCATALOG_COMPILER_APPICON_NAME = AppIcon;
				CODE_SIGN_ENTITLEMENTS = "Timetable App.entitlements";
				CODE_SIGN_IDENTITY = "iPhone Developer";
				"CODE_SIGN_IDENTITY[sdk=iphoneos*]" = "iPhone Developer";
				EMBEDDED_CONTENT_CONTAINS_SWIFT = YES;
				INFOPLIST_FILE = TimeTableFirstTry/Info.plist;
				IPHONEOS_DEPLOYMENT_TARGET = 9.0;
				LD_RUNPATH_SEARCH_PATHS = "$(inherited) @executable_path/Frameworks";
				PRODUCT_BUNDLE_IDENTIFIER = lee.labf.timetable;
				PRODUCT_NAME = "Timetable App";
				PROVISIONING_PROFILE = "";
				TARGETED_DEVICE_FAMILY = 1;
			};
			name = Debug;
		};
		74EBE6CA1BDD56720026F2AE /* Release */ = {
			isa = XCBuildConfiguration;
			buildSettings = {
				ASSETCATALOG_COMPILER_APPICON_NAME = AppIcon;
				CODE_SIGN_ENTITLEMENTS = "Timetable App.entitlements";
				CODE_SIGN_IDENTITY = "iPhone Developer";
				"CODE_SIGN_IDENTITY[sdk=iphoneos*]" = "iPhone Developer";
				EMBEDDED_CONTENT_CONTAINS_SWIFT = YES;
				INFOPLIST_FILE = TimeTableFirstTry/Info.plist;
				IPHONEOS_DEPLOYMENT_TARGET = 9.0;
				LD_RUNPATH_SEARCH_PATHS = "$(inherited) @executable_path/Frameworks";
				PRODUCT_BUNDLE_IDENTIFIER = lee.labf.timetable;
				PRODUCT_NAME = "Timetable App";
				PROVISIONING_PROFILE = "";
				TARGETED_DEVICE_FAMILY = 1;
			};
			name = Release;
		};
/* End XCBuildConfiguration section */

/* Begin XCConfigurationList section */
		74080B541C46A0DA00A208AE /* Build configuration list for PBXNativeTarget "nextlesson" */ = {
			isa = XCConfigurationList;
			buildConfigurations = (
				74080B521C46A0DA00A208AE /* Debug */,
				74080B531C46A0DA00A208AE /* Release */,
			);
			defaultConfigurationIsVisible = 0;
			defaultConfigurationName = Release;
		};
		74EBE6981BDD56710026F2AE /* Build configuration list for PBXProject "Timetable App" */ = {
			isa = XCConfigurationList;
			buildConfigurations = (
				74EBE6C61BDD56720026F2AE /* Debug */,
				74EBE6C71BDD56720026F2AE /* Release */,
			);
			defaultConfigurationIsVisible = 0;
			defaultConfigurationName = Release;
		};
		74EBE6C81BDD56720026F2AE /* Build configuration list for PBXNativeTarget "Timetable App" */ = {
			isa = XCConfigurationList;
			buildConfigurations = (
				74EBE6C91BDD56720026F2AE /* Debug */,
				74EBE6CA1BDD56720026F2AE /* Release */,
			);
			defaultConfigurationIsVisible = 0;
			defaultConfigurationName = Release;
		};
/* End XCConfigurationList section */

/* Begin XCVersionGroup section */
		74EBE6A71BDD56710026F2AE /* TimeTableFirstTry.xcdatamodeld */ = {
			isa = XCVersionGroup;
			children = (
				74EBE6A81BDD56710026F2AE /* TimeTableFirstTry.xcdatamodel */,
			);
			currentVersion = 74EBE6A81BDD56710026F2AE /* TimeTableFirstTry.xcdatamodel */;
			path = TimeTableFirstTry.xcdatamodeld;
			sourceTree = "<group>";
			versionGroupType = wrapper.xcdatamodel;
		};
/* End XCVersionGroup section */
	};
	rootObject = 74EBE6951BDD56710026F2AE /* Project object */;
}
