// !$*UTF8*$!
{
	archiveVersion = 1;
	classes = {
	};
	objectVersion = 46;
	objects = {

/* Begin PBXBuildFile section */
		4F4BE6881BFDEE3A001EDE35 /* .gitignore in Resources */ = {isa = PBXBuildFile; fileRef = 4F4BE6871BFDEE3A001EDE35 /* .gitignore */; };
		4F8600711BE8D8B700FA53AD /* TimetableTime.swift in Sources */ = {isa = PBXBuildFile; fileRef = 4F8600701BE8D8B700FA53AD /* TimetableTime.swift */; };
		4FB5A78F1C060013007977FB /* APIHandler.swift in Sources */ = {isa = PBXBuildFile; fileRef = 4FB5A78E1C060013007977FB /* APIHandler.swift */; };
		4FBEFFEC1BEB7A78007C4647 /* Token.swift in Sources */ = {isa = PBXBuildFile; fileRef = 4FBEFFEB1BEB7A78007C4647 /* Token.swift */; };
		4FC8F9DC1C06190E00D15752 /* TokenStorage.swift in Sources */ = {isa = PBXBuildFile; fileRef = 4FC8F9DB1C06190E00D15752 /* TokenStorage.swift */; };
		4FC8F9DE1C061F2000D15752 /* TimeTableData.swift in Sources */ = {isa = PBXBuildFile; fileRef = 4FC8F9DD1C061F2000D15752 /* TimeTableData.swift */; };
		4FC8F9E01C061F4700D15752 /* TimeTableStorage.swift in Sources */ = {isa = PBXBuildFile; fileRef = 4FC8F9DF1C061F4700D15752 /* TimeTableStorage.swift */; };
		740173AF1C08B21C006F3880 /* DayCollectionViewCell.swift in Sources */ = {isa = PBXBuildFile; fileRef = 74EBE6DA1BDD598A0026F2AE /* DayCollectionViewCell.swift */; };
		740173B21C08B312006F3880 /* TodayLayout.swift in Sources */ = {isa = PBXBuildFile; fileRef = 743ED8981BF6363900DA2E46 /* TodayLayout.swift */; };
		740173B31C08B317006F3880 /* MainInterface.storyboard in Resources */ = {isa = PBXBuildFile; fileRef = 743ED88D1BF6339A00DA2E46 /* MainInterface.storyboard */; };
		7402B3E61C031EB40048C5D7 /* Assets.xcassets in Resources */ = {isa = PBXBuildFile; fileRef = 7402B3E51C031EB40048C5D7 /* Assets.xcassets */; };
		741008921BEA8857009FB899 /* TimeCollectionViewCell.swift in Sources */ = {isa = PBXBuildFile; fileRef = 741008911BEA8857009FB899 /* TimeCollectionViewCell.swift */; };
		74156C081C02240A0050740D /* WidgetLesson.appex in Embed App Extensions */ = {isa = PBXBuildFile; fileRef = 743ED8861BF6339A00DA2E46 /* WidgetLesson.appex */; settings = {ATTRIBUTES = (RemoveHeadersOnCopy, ); }; };
		742889F81BF73A870018EAE4 /* Localizable.strings in Resources */ = {isa = PBXBuildFile; fileRef = 742889FA1BF73A870018EAE4 /* Localizable.strings */; };
		74382ED91BEFBE13007A28C4 /* Day.swift in Sources */ = {isa = PBXBuildFile; fileRef = 74382ED81BEFBE13007A28C4 /* Day.swift */; };
		743ED8891BF6339A00DA2E46 /* NotificationCenter.framework in Frameworks */ = {isa = PBXBuildFile; fileRef = 743ED8881BF6339A00DA2E46 /* NotificationCenter.framework */; };
		743ED89C1BF63FA700DA2E46 /* Day.swift in Sources */ = {isa = PBXBuildFile; fileRef = 74382ED81BEFBE13007A28C4 /* Day.swift */; };
		743ED89E1BF63FDC00DA2E46 /* TimetableTime.swift in Sources */ = {isa = PBXBuildFile; fileRef = 4F8600701BE8D8B700FA53AD /* TimetableTime.swift */; };
		743ED89F1BF6400B00DA2E46 /* ReplacedLessonCollectionViewCell.swift in Sources */ = {isa = PBXBuildFile; fileRef = 7443BE131BED2E93007E6807 /* ReplacedLessonCollectionViewCell.swift */; };
		743ED8A01BF6401200DA2E46 /* LessonCollectionViewCell.swift in Sources */ = {isa = PBXBuildFile; fileRef = 74866B0B1BEBF10A0030FA95 /* LessonCollectionViewCell.swift */; };
		743ED8A11BF6401600DA2E46 /* TimeCollectionViewCell.swift in Sources */ = {isa = PBXBuildFile; fileRef = 741008911BEA8857009FB899 /* TimeCollectionViewCell.swift */; };
		743ED8A21BF6402400DA2E46 /* TimetitleCollectionViewCell.swift in Sources */ = {isa = PBXBuildFile; fileRef = 74EBE6DE1BDD59F00026F2AE /* TimetitleCollectionViewCell.swift */; };
		743ED8A51BF640D600DA2E46 /* UILesson.swift in Sources */ = {isa = PBXBuildFile; fileRef = 74866B061BEBE5570030FA95 /* UILesson.swift */; };
		7443BE141BED2E93007E6807 /* ReplacedLessonCollectionViewCell.swift in Sources */ = {isa = PBXBuildFile; fileRef = 7443BE131BED2E93007E6807 /* ReplacedLessonCollectionViewCell.swift */; };
		7468840B1C0B701600F719BA /* Main.storyboard in Resources */ = {isa = PBXBuildFile; fileRef = 7468840D1C0B701600F719BA /* Main.storyboard */; };
		74866B071BEBE5570030FA95 /* UILesson.swift in Sources */ = {isa = PBXBuildFile; fileRef = 74866B061BEBE5570030FA95 /* UILesson.swift */; };
		74866B091BEBE9BA0030FA95 /* DeclareLesson.swift in Sources */ = {isa = PBXBuildFile; fileRef = 74866B081BEBE9BA0030FA95 /* DeclareLesson.swift */; };
		74866B0C1BEBF10A0030FA95 /* LessonCollectionViewCell.swift in Sources */ = {isa = PBXBuildFile; fileRef = 74866B0B1BEBF10A0030FA95 /* LessonCollectionViewCell.swift */; };
		749997171C19853C00B8FED3 /* TabBarViewController.swift in Sources */ = {isa = PBXBuildFile; fileRef = 749997161C19853C00B8FED3 /* TabBarViewController.swift */; };
		74A9A9FD1C0F28AE005E80A8 /* ClassTableViewController.swift in Sources */ = {isa = PBXBuildFile; fileRef = 74A9A9FC1C0F28AE005E80A8 /* ClassTableViewController.swift */; };
		74A9A9FF1C0F28C1005E80A8 /* SubClassTableViewController.swift in Sources */ = {isa = PBXBuildFile; fileRef = 74A9A9FE1C0F28C1005E80A8 /* SubClassTableViewController.swift */; };
		74AA07281C06E20B002AC075 /* InfoPlist.strings in Resources */ = {isa = PBXBuildFile; fileRef = 74AA072A1C06E20B002AC075 /* InfoPlist.strings */; };
		74AD297F1BF75A2D001382F5 /* SettingsTableViewController.swift in Sources */ = {isa = PBXBuildFile; fileRef = 74AD297E1BF75A2D001382F5 /* SettingsTableViewController.swift */; };
		74CA85B01C0B4A530076CF64 /* TimeTableData.swift in Sources */ = {isa = PBXBuildFile; fileRef = 4FC8F9DD1C061F2000D15752 /* TimeTableData.swift */; };
		74E18DAB1BFFA27900DE26AF /* WebViewController.swift in Sources */ = {isa = PBXBuildFile; fileRef = 74E18DAA1BFFA27900DE26AF /* WebViewController.swift */; };
		74EBE6A11BDD56710026F2AE /* AppDelegate.swift in Sources */ = {isa = PBXBuildFile; fileRef = 74EBE6A01BDD56710026F2AE /* AppDelegate.swift */; };
		74EBE6A31BDD56710026F2AE /* TTCollectionViewController.swift in Sources */ = {isa = PBXBuildFile; fileRef = 74EBE6A21BDD56710026F2AE /* TTCollectionViewController.swift */; };
		74EBE6A91BDD56710026F2AE /* TimeTableFirstTry.xcdatamodeld in Sources */ = {isa = PBXBuildFile; fileRef = 74EBE6A71BDD56710026F2AE /* TimeTableFirstTry.xcdatamodeld */; };
		74EBE6AE1BDD56710026F2AE /* LaunchScreen.storyboard in Resources */ = {isa = PBXBuildFile; fileRef = 74EBE6AC1BDD56710026F2AE /* LaunchScreen.storyboard */; };
		74EBE6B91BDD56710026F2AE /* TimeTableFirstTryTests.swift in Sources */ = {isa = PBXBuildFile; fileRef = 74EBE6B81BDD56710026F2AE /* TimeTableFirstTryTests.swift */; };
		74EBE6C41BDD56720026F2AE /* TimeTableFirstTryUITests.swift in Sources */ = {isa = PBXBuildFile; fileRef = 74EBE6C31BDD56720026F2AE /* TimeTableFirstTryUITests.swift */; };
		74EBE6D91BDD59580026F2AE /* TTCollectionViewLayout.swift in Sources */ = {isa = PBXBuildFile; fileRef = 74EBE6D81BDD59580026F2AE /* TTCollectionViewLayout.swift */; };
		74EBE6DB1BDD598A0026F2AE /* DayCollectionViewCell.swift in Sources */ = {isa = PBXBuildFile; fileRef = 74EBE6DA1BDD598A0026F2AE /* DayCollectionViewCell.swift */; };
		74EBE6DF1BDD59F00026F2AE /* TimetitleCollectionViewCell.swift in Sources */ = {isa = PBXBuildFile; fileRef = 74EBE6DE1BDD59F00026F2AE /* TimetitleCollectionViewCell.swift */; };
/* End PBXBuildFile section */

/* Begin PBXContainerItemProxy section */
		74156C091C02240A0050740D /* PBXContainerItemProxy */ = {
			isa = PBXContainerItemProxy;
			containerPortal = 74EBE6951BDD56710026F2AE /* Project object */;
			proxyType = 1;
			remoteGlobalIDString = 743ED8851BF6339A00DA2E46;
			remoteInfo = WidgetLesson;
		};
		74EBE6B51BDD56710026F2AE /* PBXContainerItemProxy */ = {
			isa = PBXContainerItemProxy;
			containerPortal = 74EBE6951BDD56710026F2AE /* Project object */;
			proxyType = 1;
			remoteGlobalIDString = 74EBE69C1BDD56710026F2AE;
			remoteInfo = TimeTableFirstTry;
		};
		74EBE6C01BDD56720026F2AE /* PBXContainerItemProxy */ = {
			isa = PBXContainerItemProxy;
			containerPortal = 74EBE6951BDD56710026F2AE /* Project object */;
			proxyType = 1;
			remoteGlobalIDString = 74EBE69C1BDD56710026F2AE;
			remoteInfo = TimeTableFirstTry;
		};
/* End PBXContainerItemProxy section */

/* Begin PBXCopyFilesBuildPhase section */
		74156C0B1C02240A0050740D /* Embed App Extensions */ = {
			isa = PBXCopyFilesBuildPhase;
			buildActionMask = 2147483647;
			dstPath = "";
			dstSubfolderSpec = 13;
			files = (
				74156C081C02240A0050740D /* WidgetLesson.appex in Embed App Extensions */,
			);
			name = "Embed App Extensions";
			runOnlyForDeploymentPostprocessing = 0;
		};
/* End PBXCopyFilesBuildPhase section */

/* Begin PBXFileReference section */
		4F4BE6871BFDEE3A001EDE35 /* .gitignore */ = {isa = PBXFileReference; fileEncoding = 4; lastKnownFileType = text; path = .gitignore; sourceTree = "<group>"; };
		4F8600701BE8D8B700FA53AD /* TimetableTime.swift */ = {isa = PBXFileReference; fileEncoding = 4; lastKnownFileType = sourcecode.swift; path = TimetableTime.swift; sourceTree = "<group>"; };
		4FB5A78E1C060013007977FB /* APIHandler.swift */ = {isa = PBXFileReference; fileEncoding = 4; lastKnownFileType = sourcecode.swift; path = APIHandler.swift; sourceTree = "<group>"; };
		4FBEFFEB1BEB7A78007C4647 /* Token.swift */ = {isa = PBXFileReference; fileEncoding = 4; lastKnownFileType = sourcecode.swift; path = Token.swift; sourceTree = "<group>"; };
		4FC8F9DB1C06190E00D15752 /* TokenStorage.swift */ = {isa = PBXFileReference; fileEncoding = 4; lastKnownFileType = sourcecode.swift; path = TokenStorage.swift; sourceTree = "<group>"; };
		4FC8F9DD1C061F2000D15752 /* TimeTableData.swift */ = {isa = PBXFileReference; fileEncoding = 4; lastKnownFileType = sourcecode.swift; path = TimeTableData.swift; sourceTree = "<group>"; };
		4FC8F9DF1C061F4700D15752 /* TimeTableStorage.swift */ = {isa = PBXFileReference; fileEncoding = 4; lastKnownFileType = sourcecode.swift; path = TimeTableStorage.swift; sourceTree = "<group>"; };
		7402B3E51C031EB40048C5D7 /* Assets.xcassets */ = {isa = PBXFileReference; lastKnownFileType = folder.assetcatalog; path = Assets.xcassets; sourceTree = "<group>"; };
		741008911BEA8857009FB899 /* TimeCollectionViewCell.swift */ = {isa = PBXFileReference; fileEncoding = 4; lastKnownFileType = sourcecode.swift; path = TimeCollectionViewCell.swift; sourceTree = "<group>"; };
		742889ED1BF735AD0018EAE4 /* de */ = {isa = PBXFileReference; lastKnownFileType = text.plist.strings; name = de; path = de.lproj/MainInterface.strings; sourceTree = "<group>"; };
		742889F41BF737900018EAE4 /* de */ = {isa = PBXFileReference; lastKnownFileType = text.plist.strings; name = de; path = de.lproj/LaunchScreen.strings; sourceTree = "<group>"; };
		742889F91BF73A870018EAE4 /* de */ = {isa = PBXFileReference; lastKnownFileType = text.plist.strings; name = de; path = de.lproj/Localizable.strings; sourceTree = "<group>"; };
		742889FB1BF73A8A0018EAE4 /* Base */ = {isa = PBXFileReference; lastKnownFileType = text.plist.strings; name = Base; path = Base.lproj/Localizable.strings; sourceTree = "<group>"; };
		74382ED81BEFBE13007A28C4 /* Day.swift */ = {isa = PBXFileReference; fileEncoding = 4; lastKnownFileType = sourcecode.swift; path = Day.swift; sourceTree = "<group>"; };
		743ED8861BF6339A00DA2E46 /* WidgetLesson.appex */ = {isa = PBXFileReference; explicitFileType = "wrapper.app-extension"; includeInIndex = 0; path = WidgetLesson.appex; sourceTree = BUILT_PRODUCTS_DIR; };
		743ED8881BF6339A00DA2E46 /* NotificationCenter.framework */ = {isa = PBXFileReference; lastKnownFileType = wrapper.framework; name = NotificationCenter.framework; path = System/Library/Frameworks/NotificationCenter.framework; sourceTree = SDKROOT; };
		743ED88B1BF6339A00DA2E46 /* TodayViewController.swift */ = {isa = PBXFileReference; lastKnownFileType = sourcecode.swift; path = TodayViewController.swift; sourceTree = "<group>"; };
		743ED88E1BF6339A00DA2E46 /* Base */ = {isa = PBXFileReference; lastKnownFileType = file.storyboard; name = Base; path = Base.lproj/MainInterface.storyboard; sourceTree = "<group>"; };
		743ED8901BF6339A00DA2E46 /* Info.plist */ = {isa = PBXFileReference; lastKnownFileType = text.plist.xml; path = Info.plist; sourceTree = "<group>"; };
		743ED8981BF6363900DA2E46 /* TodayLayout.swift */ = {isa = PBXFileReference; fileEncoding = 4; lastKnownFileType = sourcecode.swift; path = TodayLayout.swift; sourceTree = "<group>"; };
		74428C4E1C1060AF0054BB5E /* TimeTableFirstTry.entitlements */ = {isa = PBXFileReference; lastKnownFileType = text.xml; name = TimeTableFirstTry.entitlements; path = TimeTableFirstTry/TimeTableFirstTry.entitlements; sourceTree = "<group>"; };
		74428C4F1C1063E60054BB5E /* WidgetLesson.entitlements */ = {isa = PBXFileReference; lastKnownFileType = text.xml; name = WidgetLesson.entitlements; path = WidgetLesson/WidgetLesson.entitlements; sourceTree = "<group>"; };
		7443BE131BED2E93007E6807 /* ReplacedLessonCollectionViewCell.swift */ = {isa = PBXFileReference; fileEncoding = 4; lastKnownFileType = sourcecode.swift; path = ReplacedLessonCollectionViewCell.swift; sourceTree = "<group>"; };
		7468840C1C0B701600F719BA /* Base */ = {isa = PBXFileReference; lastKnownFileType = file.storyboard; name = Base; path = Base.lproj/Main.storyboard; sourceTree = "<group>"; };
		7468840F1C0B701B00F719BA /* de */ = {isa = PBXFileReference; lastKnownFileType = text.plist.strings; name = de; path = de.lproj/Main.strings; sourceTree = "<group>"; };
		74866B061BEBE5570030FA95 /* UILesson.swift */ = {isa = PBXFileReference; fileEncoding = 4; lastKnownFileType = sourcecode.swift; path = UILesson.swift; sourceTree = "<group>"; };
		74866B081BEBE9BA0030FA95 /* DeclareLesson.swift */ = {isa = PBXFileReference; fileEncoding = 4; lastKnownFileType = sourcecode.swift; path = DeclareLesson.swift; sourceTree = "<group>"; };
		74866B0B1BEBF10A0030FA95 /* LessonCollectionViewCell.swift */ = {isa = PBXFileReference; fileEncoding = 4; lastKnownFileType = sourcecode.swift; path = LessonCollectionViewCell.swift; sourceTree = "<group>"; };
		749997161C19853C00B8FED3 /* TabBarViewController.swift */ = {isa = PBXFileReference; fileEncoding = 4; lastKnownFileType = sourcecode.swift; path = TabBarViewController.swift; sourceTree = "<group>"; };
		74A9A9FC1C0F28AE005E80A8 /* ClassTableViewController.swift */ = {isa = PBXFileReference; fileEncoding = 4; lastKnownFileType = sourcecode.swift; path = ClassTableViewController.swift; sourceTree = "<group>"; };
		74A9A9FE1C0F28C1005E80A8 /* SubClassTableViewController.swift */ = {isa = PBXFileReference; fileEncoding = 4; lastKnownFileType = sourcecode.swift; path = SubClassTableViewController.swift; sourceTree = "<group>"; };
		74AA07291C06E20B002AC075 /* Base */ = {isa = PBXFileReference; lastKnownFileType = text.plist.strings; name = Base; path = Base.lproj/InfoPlist.strings; sourceTree = "<group>"; };
		74AA072B1C06E210002AC075 /* de */ = {isa = PBXFileReference; lastKnownFileType = text.plist.strings; name = de; path = de.lproj/InfoPlist.strings; sourceTree = "<group>"; };
		74AD297E1BF75A2D001382F5 /* SettingsTableViewController.swift */ = {isa = PBXFileReference; fileEncoding = 4; lastKnownFileType = sourcecode.swift; path = SettingsTableViewController.swift; sourceTree = "<group>"; };
		74E18DAA1BFFA27900DE26AF /* WebViewController.swift */ = {isa = PBXFileReference; fileEncoding = 4; lastKnownFileType = sourcecode.swift; path = WebViewController.swift; sourceTree = "<group>"; };
		74EBE69D1BDD56710026F2AE /* Timetable App.app */ = {isa = PBXFileReference; explicitFileType = wrapper.application; includeInIndex = 0; path = "Timetable App.app"; sourceTree = BUILT_PRODUCTS_DIR; };
		74EBE6A01BDD56710026F2AE /* AppDelegate.swift */ = {isa = PBXFileReference; lastKnownFileType = sourcecode.swift; path = AppDelegate.swift; sourceTree = "<group>"; };
		74EBE6A21BDD56710026F2AE /* TTCollectionViewController.swift */ = {isa = PBXFileReference; lastKnownFileType = sourcecode.swift; path = TTCollectionViewController.swift; sourceTree = "<group>"; };
		74EBE6A81BDD56710026F2AE /* TimeTableFirstTry.xcdatamodel */ = {isa = PBXFileReference; lastKnownFileType = wrapper.xcdatamodel; path = TimeTableFirstTry.xcdatamodel; sourceTree = "<group>"; };
		74EBE6AD1BDD56710026F2AE /* Base */ = {isa = PBXFileReference; lastKnownFileType = file.storyboard; name = Base; path = Base.lproj/LaunchScreen.storyboard; sourceTree = "<group>"; };
		74EBE6AF1BDD56710026F2AE /* Info.plist */ = {isa = PBXFileReference; lastKnownFileType = text.plist.xml; path = Info.plist; sourceTree = "<group>"; };
		74EBE6B41BDD56710026F2AE /* Timetable App.xctest */ = {isa = PBXFileReference; explicitFileType = wrapper.cfbundle; includeInIndex = 0; path = "Timetable App.xctest"; sourceTree = BUILT_PRODUCTS_DIR; };
		74EBE6B81BDD56710026F2AE /* TimeTableFirstTryTests.swift */ = {isa = PBXFileReference; lastKnownFileType = sourcecode.swift; path = TimeTableFirstTryTests.swift; sourceTree = "<group>"; };
		74EBE6BA1BDD56710026F2AE /* Info.plist */ = {isa = PBXFileReference; lastKnownFileType = text.plist.xml; path = Info.plist; sourceTree = "<group>"; };
		74EBE6BF1BDD56720026F2AE /* Timetable App.xctest */ = {isa = PBXFileReference; explicitFileType = wrapper.cfbundle; includeInIndex = 0; path = "Timetable App.xctest"; sourceTree = BUILT_PRODUCTS_DIR; };
		74EBE6C31BDD56720026F2AE /* TimeTableFirstTryUITests.swift */ = {isa = PBXFileReference; lastKnownFileType = sourcecode.swift; path = TimeTableFirstTryUITests.swift; sourceTree = "<group>"; };
		74EBE6C51BDD56720026F2AE /* Info.plist */ = {isa = PBXFileReference; lastKnownFileType = text.plist.xml; path = Info.plist; sourceTree = "<group>"; };
		74EBE6D81BDD59580026F2AE /* TTCollectionViewLayout.swift */ = {isa = PBXFileReference; fileEncoding = 4; lastKnownFileType = sourcecode.swift; path = TTCollectionViewLayout.swift; sourceTree = "<group>"; };
		74EBE6DA1BDD598A0026F2AE /* DayCollectionViewCell.swift */ = {isa = PBXFileReference; fileEncoding = 4; lastKnownFileType = sourcecode.swift; path = DayCollectionViewCell.swift; sourceTree = "<group>"; };
		74EBE6DE1BDD59F00026F2AE /* TimetitleCollectionViewCell.swift */ = {isa = PBXFileReference; fileEncoding = 4; lastKnownFileType = sourcecode.swift; path = TimetitleCollectionViewCell.swift; sourceTree = "<group>"; };
/* End PBXFileReference section */

/* Begin PBXFrameworksBuildPhase section */
		743ED8831BF6339A00DA2E46 /* Frameworks */ = {
			isa = PBXFrameworksBuildPhase;
			buildActionMask = 2147483647;
			files = (
				743ED8891BF6339A00DA2E46 /* NotificationCenter.framework in Frameworks */,
			);
			runOnlyForDeploymentPostprocessing = 0;
		};
		74EBE69A1BDD56710026F2AE /* Frameworks */ = {
			isa = PBXFrameworksBuildPhase;
			buildActionMask = 2147483647;
			files = (
			);
			runOnlyForDeploymentPostprocessing = 0;
		};
		74EBE6B11BDD56710026F2AE /* Frameworks */ = {
			isa = PBXFrameworksBuildPhase;
			buildActionMask = 2147483647;
			files = (
			);
			runOnlyForDeploymentPostprocessing = 0;
		};
		74EBE6BC1BDD56710026F2AE /* Frameworks */ = {
			isa = PBXFrameworksBuildPhase;
			buildActionMask = 2147483647;
			files = (
			);
			runOnlyForDeploymentPostprocessing = 0;
		};
/* End PBXFrameworksBuildPhase section */

/* Begin PBXGroup section */
		4F6402DC1BE8BEFB00A611F6 /* API */ = {
			isa = PBXGroup;
			children = (
				4FB5A78E1C060013007977FB /* APIHandler.swift */,
			);
			name = API;
			sourceTree = "<group>";
		};
		4F86006F1BE8D8AA00FA53AD /* Time */ = {
			isa = PBXGroup;
			children = (
				74382ED81BEFBE13007A28C4 /* Day.swift */,
				4F8600701BE8D8B700FA53AD /* TimetableTime.swift */,
			);
			name = Time;
			sourceTree = "<group>";
		};
		4FC8F9DA1C0618E300D15752 /* DataStorage */ = {
			isa = PBXGroup;
			children = (
				4FBEFFEB1BEB7A78007C4647 /* Token.swift */,
				4FC8F9DB1C06190E00D15752 /* TokenStorage.swift */,
				4FC8F9DD1C061F2000D15752 /* TimeTableData.swift */,
				4FC8F9DF1C061F4700D15752 /* TimeTableStorage.swift */,
			);
			name = DataStorage;
			sourceTree = "<group>";
		};
		74285B831BF4B58200446CBF /* Storyboards */ = {
			isa = PBXGroup;
			children = (
				7468840D1C0B701600F719BA /* Main.storyboard */,
				74EBE6AC1BDD56710026F2AE /* LaunchScreen.storyboard */,
			);
			name = Storyboards;
			sourceTree = "<group>";
		};
		742889F51BF739E50018EAE4 /* Lang */ = {
			isa = PBXGroup;
			children = (
				742889FA1BF73A870018EAE4 /* Localizable.strings */,
				74AA072A1C06E20B002AC075 /* InfoPlist.strings */,
			);
			name = Lang;
			sourceTree = "<group>";
		};
		743ED8871BF6339A00DA2E46 /* Frameworks */ = {
			isa = PBXGroup;
			children = (
				743ED8881BF6339A00DA2E46 /* NotificationCenter.framework */,
			);
			name = Frameworks;
			sourceTree = "<group>";
		};
		743ED88A1BF6339A00DA2E46 /* WidgetLesson */ = {
			isa = PBXGroup;
			children = (
				743ED88B1BF6339A00DA2E46 /* TodayViewController.swift */,
				743ED88D1BF6339A00DA2E46 /* MainInterface.storyboard */,
				743ED8901BF6339A00DA2E46 /* Info.plist */,
				743ED8981BF6363900DA2E46 /* TodayLayout.swift */,
			);
			name = WidgetLesson;
			path = ../WidgetLesson;
			sourceTree = "<group>";
		};
		743ED89A1BF63E5900DA2E46 /* App */ = {
			isa = PBXGroup;
			children = (
				749997151C19852100B8FED3 /* TabBar */,
				4FC8F9DA1C0618E300D15752 /* DataStorage */,
				74E18DA91BFFA24C00DE26AF /* First Launch / WebView */,
				742889F51BF739E50018EAE4 /* Lang */,
				74EBE6D11BDD582A0026F2AE /* Cells */,
				74866B051BEBE5400030FA95 /* Lesson */,
				4F86006F1BE8D8AA00FA53AD /* Time */,
				74AD297D1BF759D7001382F5 /* Settings */,
				4F6402DC1BE8BEFB00A611F6 /* API */,
				746D982E1BF47DFB00240CAC /* TTCollectionView */,
				74285B831BF4B58200446CBF /* Storyboards */,
				74EBE6A01BDD56710026F2AE /* AppDelegate.swift */,
				74EBE6AF1BDD56710026F2AE /* Info.plist */,
				74EBE6A71BDD56710026F2AE /* TimeTableFirstTry.xcdatamodeld */,
				7402B3E51C031EB40048C5D7 /* Assets.xcassets */,
			);
			name = App;
			sourceTree = "<group>";
		};
		746D982E1BF47DFB00240CAC /* TTCollectionView */ = {
			isa = PBXGroup;
			children = (
				74EBE6D81BDD59580026F2AE /* TTCollectionViewLayout.swift */,
				74EBE6A21BDD56710026F2AE /* TTCollectionViewController.swift */,
			);
			name = TTCollectionView;
			sourceTree = "<group>";
		};
		74866B051BEBE5400030FA95 /* Lesson */ = {
			isa = PBXGroup;
			children = (
				74866B061BEBE5570030FA95 /* UILesson.swift */,
				74866B081BEBE9BA0030FA95 /* DeclareLesson.swift */,
			);
			name = Lesson;
			sourceTree = "<group>";
		};
		749997151C19852100B8FED3 /* TabBar */ = {
			isa = PBXGroup;
			children = (
				749997161C19853C00B8FED3 /* TabBarViewController.swift */,
			);
			name = TabBar;
			sourceTree = "<group>";
		};
		74AD297D1BF759D7001382F5 /* Settings */ = {
			isa = PBXGroup;
			children = (
				74AD297E1BF75A2D001382F5 /* SettingsTableViewController.swift */,
				74A9A9FC1C0F28AE005E80A8 /* ClassTableViewController.swift */,
				74A9A9FE1C0F28C1005E80A8 /* SubClassTableViewController.swift */,
			);
			name = Settings;
			sourceTree = "<group>";
		};
		74E18DA91BFFA24C00DE26AF /* First Launch / WebView */ = {
			isa = PBXGroup;
			children = (
				74E18DAA1BFFA27900DE26AF /* WebViewController.swift */,
			);
			name = "First Launch / WebView";
			sourceTree = "<group>";
		};
		74EBE6941BDD56710026F2AE = {
			isa = PBXGroup;
			children = (
				74428C4F1C1063E60054BB5E /* WidgetLesson.entitlements */,
				74428C4E1C1060AF0054BB5E /* TimeTableFirstTry.entitlements */,
				4F4BE6871BFDEE3A001EDE35 /* .gitignore */,
				74EBE69F1BDD56710026F2AE /* Timetable App */,
				74EBE6B71BDD56710026F2AE /* TimeTableFirstTryTests */,
				74EBE6C21BDD56720026F2AE /* TimeTableFirstTryUITests */,
				743ED8871BF6339A00DA2E46 /* Frameworks */,
				74EBE69E1BDD56710026F2AE /* Products */,
			);
			sourceTree = "<group>";
		};
		74EBE69E1BDD56710026F2AE /* Products */ = {
			isa = PBXGroup;
			children = (
				74EBE69D1BDD56710026F2AE /* Timetable App.app */,
				74EBE6B41BDD56710026F2AE /* Timetable App.xctest */,
				74EBE6BF1BDD56720026F2AE /* Timetable App.xctest */,
				743ED8861BF6339A00DA2E46 /* WidgetLesson.appex */,
			);
			name = Products;
			sourceTree = "<group>";
		};
		74EBE69F1BDD56710026F2AE /* Timetable App */ = {
			isa = PBXGroup;
			children = (
				743ED89A1BF63E5900DA2E46 /* App */,
				743ED88A1BF6339A00DA2E46 /* WidgetLesson */,
			);
			name = "Timetable App";
			path = TimeTableFirstTry;
			sourceTree = "<group>";
		};
		74EBE6B71BDD56710026F2AE /* TimeTableFirstTryTests */ = {
			isa = PBXGroup;
			children = (
				74EBE6B81BDD56710026F2AE /* TimeTableFirstTryTests.swift */,
				74EBE6BA1BDD56710026F2AE /* Info.plist */,
			);
			path = TimeTableFirstTryTests;
			sourceTree = "<group>";
		};
		74EBE6C21BDD56720026F2AE /* TimeTableFirstTryUITests */ = {
			isa = PBXGroup;
			children = (
				74EBE6C31BDD56720026F2AE /* TimeTableFirstTryUITests.swift */,
				74EBE6C51BDD56720026F2AE /* Info.plist */,
			);
			path = TimeTableFirstTryUITests;
			sourceTree = "<group>";
		};
		74EBE6D11BDD582A0026F2AE /* Cells */ = {
			isa = PBXGroup;
			children = (
				74EBE6DA1BDD598A0026F2AE /* DayCollectionViewCell.swift */,
				7443BE131BED2E93007E6807 /* ReplacedLessonCollectionViewCell.swift */,
				74866B0B1BEBF10A0030FA95 /* LessonCollectionViewCell.swift */,
				741008911BEA8857009FB899 /* TimeCollectionViewCell.swift */,
				74EBE6DE1BDD59F00026F2AE /* TimetitleCollectionViewCell.swift */,
			);
			name = Cells;
			sourceTree = "<group>";
		};
/* End PBXGroup section */

/* Begin PBXNativeTarget section */
		743ED8851BF6339A00DA2E46 /* WidgetLesson */ = {
			isa = PBXNativeTarget;
			buildConfigurationList = 743ED8961BF6339A00DA2E46 /* Build configuration list for PBXNativeTarget "WidgetLesson" */;
			buildPhases = (
				743ED8821BF6339A00DA2E46 /* Sources */,
				743ED8831BF6339A00DA2E46 /* Frameworks */,
				743ED8841BF6339A00DA2E46 /* Resources */,
			);
			buildRules = (
			);
			dependencies = (
			);
			name = WidgetLesson;
			productName = WidgetLesson;
			productReference = 743ED8861BF6339A00DA2E46 /* WidgetLesson.appex */;
			productType = "com.apple.product-type.app-extension";
		};
		74EBE69C1BDD56710026F2AE /* Timetable App */ = {
			isa = PBXNativeTarget;
			buildConfigurationList = 74EBE6C81BDD56720026F2AE /* Build configuration list for PBXNativeTarget "Timetable App" */;
			buildPhases = (
				74EBE6991BDD56710026F2AE /* Sources */,
				74EBE69A1BDD56710026F2AE /* Frameworks */,
				74EBE69B1BDD56710026F2AE /* Resources */,
				74156C0B1C02240A0050740D /* Embed App Extensions */,
			);
			buildRules = (
			);
			dependencies = (
				74156C0A1C02240A0050740D /* PBXTargetDependency */,
			);
			name = "Timetable App";
			productName = TimeTableFirstTry;
			productReference = 74EBE69D1BDD56710026F2AE /* Timetable App.app */;
			productType = "com.apple.product-type.application";
		};
		74EBE6B31BDD56710026F2AE /* Timetable AppTests */ = {
			isa = PBXNativeTarget;
			buildConfigurationList = 74EBE6CB1BDD56720026F2AE /* Build configuration list for PBXNativeTarget "Timetable AppTests" */;
			buildPhases = (
				74EBE6B01BDD56710026F2AE /* Sources */,
				74EBE6B11BDD56710026F2AE /* Frameworks */,
				74EBE6B21BDD56710026F2AE /* Resources */,
			);
			buildRules = (
			);
			dependencies = (
				74EBE6B61BDD56710026F2AE /* PBXTargetDependency */,
			);
			name = "Timetable AppTests";
			productName = TimeTableFirstTryTests;
			productReference = 74EBE6B41BDD56710026F2AE /* Timetable App.xctest */;
			productType = "com.apple.product-type.bundle.unit-test";
		};
		74EBE6BE1BDD56710026F2AE /* Timetable AppUITests */ = {
			isa = PBXNativeTarget;
			buildConfigurationList = 74EBE6CE1BDD56720026F2AE /* Build configuration list for PBXNativeTarget "Timetable AppUITests" */;
			buildPhases = (
				74EBE6BB1BDD56710026F2AE /* Sources */,
				74EBE6BC1BDD56710026F2AE /* Frameworks */,
				74EBE6BD1BDD56710026F2AE /* Resources */,
			);
			buildRules = (
			);
			dependencies = (
				74EBE6C11BDD56720026F2AE /* PBXTargetDependency */,
			);
			name = "Timetable AppUITests";
			productName = TimeTableFirstTryUITests;
			productReference = 74EBE6BF1BDD56720026F2AE /* Timetable App.xctest */;
			productType = "com.apple.product-type.bundle.ui-testing";
		};
/* End PBXNativeTarget section */

/* Begin PBXProject section */
		74EBE6951BDD56710026F2AE /* Project object */ = {
			isa = PBXProject;
			attributes = {
				LastSwiftUpdateCheck = 0710;
				LastUpgradeCheck = 0700;
				ORGANIZATIONNAME = "Aurel Feer";
				TargetAttributes = {
					743ED8851BF6339A00DA2E46 = {
						CreatedOnToolsVersion = 7.1;
						DevelopmentTeam = LFNP3438N3;
						SystemCapabilities = {
							com.apple.ApplicationGroups.iOS = {
								enabled = 1;
							};
						};
					};
					74EBE69C1BDD56710026F2AE = {
						CreatedOnToolsVersion = 7.0.1;
						DevelopmentTeam = LFNP3438N3;
						SystemCapabilities = {
							com.apple.ApplicationGroups.iOS = {
								enabled = 1;
							};
							com.apple.BackgroundModes = {
								enabled = 1;
							};
							com.apple.Push = {
								enabled = 1;
							};
						};
					};
					74EBE6B31BDD56710026F2AE = {
						CreatedOnToolsVersion = 7.0.1;
						TestTargetID = 74EBE69C1BDD56710026F2AE;
					};
					74EBE6BE1BDD56710026F2AE = {
						CreatedOnToolsVersion = 7.0.1;
						TestTargetID = 74EBE69C1BDD56710026F2AE;
					};
				};
			};
			buildConfigurationList = 74EBE6981BDD56710026F2AE /* Build configuration list for PBXProject "Timetable App" */;
			compatibilityVersion = "Xcode 3.2";
			developmentRegion = English;
			hasScannedForEncodings = 0;
			knownRegions = (
				en,
				Base,
				de,
			);
			mainGroup = 74EBE6941BDD56710026F2AE;
			productRefGroup = 74EBE69E1BDD56710026F2AE /* Products */;
			projectDirPath = "";
			projectRoot = "";
			targets = (
				74EBE69C1BDD56710026F2AE /* Timetable App */,
				74EBE6B31BDD56710026F2AE /* Timetable AppTests */,
				74EBE6BE1BDD56710026F2AE /* Timetable AppUITests */,
				743ED8851BF6339A00DA2E46 /* WidgetLesson */,
			);
		};
/* End PBXProject section */

/* Begin PBXResourcesBuildPhase section */
		743ED8841BF6339A00DA2E46 /* Resources */ = {
			isa = PBXResourcesBuildPhase;
			buildActionMask = 2147483647;
			files = (
				740173B31C08B317006F3880 /* MainInterface.storyboard in Resources */,
			);
			runOnlyForDeploymentPostprocessing = 0;
		};
		74EBE69B1BDD56710026F2AE /* Resources */ = {
			isa = PBXResourcesBuildPhase;
			buildActionMask = 2147483647;
			files = (
				7468840B1C0B701600F719BA /* Main.storyboard in Resources */,
				74AA07281C06E20B002AC075 /* InfoPlist.strings in Resources */,
				4F4BE6881BFDEE3A001EDE35 /* .gitignore in Resources */,
				742889F81BF73A870018EAE4 /* Localizable.strings in Resources */,
				74EBE6AE1BDD56710026F2AE /* LaunchScreen.storyboard in Resources */,
				7402B3E61C031EB40048C5D7 /* Assets.xcassets in Resources */,
			);
			runOnlyForDeploymentPostprocessing = 0;
		};
		74EBE6B21BDD56710026F2AE /* Resources */ = {
			isa = PBXResourcesBuildPhase;
			buildActionMask = 2147483647;
			files = (
			);
			runOnlyForDeploymentPostprocessing = 0;
		};
		74EBE6BD1BDD56710026F2AE /* Resources */ = {
			isa = PBXResourcesBuildPhase;
			buildActionMask = 2147483647;
			files = (
			);
			runOnlyForDeploymentPostprocessing = 0;
		};
/* End PBXResourcesBuildPhase section */

/* Begin PBXSourcesBuildPhase section */
		743ED8821BF6339A00DA2E46 /* Sources */ = {
			isa = PBXSourcesBuildPhase;
			buildActionMask = 2147483647;
			files = (
				743ED89F1BF6400B00DA2E46 /* ReplacedLessonCollectionViewCell.swift in Sources */,
				743ED8A01BF6401200DA2E46 /* LessonCollectionViewCell.swift in Sources */,
				743ED8A11BF6401600DA2E46 /* TimeCollectionViewCell.swift in Sources */,
				743ED8A21BF6402400DA2E46 /* TimetitleCollectionViewCell.swift in Sources */,
				743ED89C1BF63FA700DA2E46 /* Day.swift in Sources */,
				74CA85B01C0B4A530076CF64 /* TimeTableData.swift in Sources */,
				743ED89E1BF63FDC00DA2E46 /* TimetableTime.swift in Sources */,
				740173AF1C08B21C006F3880 /* DayCollectionViewCell.swift in Sources */,
				743ED8A51BF640D600DA2E46 /* UILesson.swift in Sources */,
				740173B21C08B312006F3880 /* TodayLayout.swift in Sources */,
			);
			runOnlyForDeploymentPostprocessing = 0;
		};
		74EBE6991BDD56710026F2AE /* Sources */ = {
			isa = PBXSourcesBuildPhase;
			buildActionMask = 2147483647;
			files = (
				74EBE6A31BDD56710026F2AE /* TTCollectionViewController.swift in Sources */,
				4FBEFFEC1BEB7A78007C4647 /* Token.swift in Sources */,
				7443BE141BED2E93007E6807 /* ReplacedLessonCollectionViewCell.swift in Sources */,
				4FC8F9E01C061F4700D15752 /* TimeTableStorage.swift in Sources */,
				74A9A9FD1C0F28AE005E80A8 /* ClassTableViewController.swift in Sources */,
				74EBE6A11BDD56710026F2AE /* AppDelegate.swift in Sources */,
				4FC8F9DE1C061F2000D15752 /* TimeTableData.swift in Sources */,
				4FB5A78F1C060013007977FB /* APIHandler.swift in Sources */,
				74866B071BEBE5570030FA95 /* UILesson.swift in Sources */,
				74EBE6D91BDD59580026F2AE /* TTCollectionViewLayout.swift in Sources */,
				74EBE6A91BDD56710026F2AE /* TimeTableFirstTry.xcdatamodeld in Sources */,
				741008921BEA8857009FB899 /* TimeCollectionViewCell.swift in Sources */,
				4F8600711BE8D8B700FA53AD /* TimetableTime.swift in Sources */,
				749997171C19853C00B8FED3 /* TabBarViewController.swift in Sources */,
				74866B091BEBE9BA0030FA95 /* DeclareLesson.swift in Sources */,
				4FC8F9DC1C06190E00D15752 /* TokenStorage.swift in Sources */,
				74382ED91BEFBE13007A28C4 /* Day.swift in Sources */,
				74E18DAB1BFFA27900DE26AF /* WebViewController.swift in Sources */,
				74A9A9FF1C0F28C1005E80A8 /* SubClassTableViewController.swift in Sources */,
				74AD297F1BF75A2D001382F5 /* SettingsTableViewController.swift in Sources */,
				74866B0C1BEBF10A0030FA95 /* LessonCollectionViewCell.swift in Sources */,
				74EBE6DF1BDD59F00026F2AE /* TimetitleCollectionViewCell.swift in Sources */,
				74EBE6DB1BDD598A0026F2AE /* DayCollectionViewCell.swift in Sources */,
			);
			runOnlyForDeploymentPostprocessing = 0;
		};
		74EBE6B01BDD56710026F2AE /* Sources */ = {
			isa = PBXSourcesBuildPhase;
			buildActionMask = 2147483647;
			files = (
				74EBE6B91BDD56710026F2AE /* TimeTableFirstTryTests.swift in Sources */,
			);
			runOnlyForDeploymentPostprocessing = 0;
		};
		74EBE6BB1BDD56710026F2AE /* Sources */ = {
			isa = PBXSourcesBuildPhase;
			buildActionMask = 2147483647;
			files = (
				74EBE6C41BDD56720026F2AE /* TimeTableFirstTryUITests.swift in Sources */,
			);
			runOnlyForDeploymentPostprocessing = 0;
		};
/* End PBXSourcesBuildPhase section */

/* Begin PBXTargetDependency section */
		74156C0A1C02240A0050740D /* PBXTargetDependency */ = {
			isa = PBXTargetDependency;
			target = 743ED8851BF6339A00DA2E46 /* WidgetLesson */;
			targetProxy = 74156C091C02240A0050740D /* PBXContainerItemProxy */;
		};
		74EBE6B61BDD56710026F2AE /* PBXTargetDependency */ = {
			isa = PBXTargetDependency;
			target = 74EBE69C1BDD56710026F2AE /* Timetable App */;
			targetProxy = 74EBE6B51BDD56710026F2AE /* PBXContainerItemProxy */;
		};
		74EBE6C11BDD56720026F2AE /* PBXTargetDependency */ = {
			isa = PBXTargetDependency;
			target = 74EBE69C1BDD56710026F2AE /* Timetable App */;
			targetProxy = 74EBE6C01BDD56720026F2AE /* PBXContainerItemProxy */;
		};
/* End PBXTargetDependency section */

/* Begin PBXVariantGroup section */
		742889FA1BF73A870018EAE4 /* Localizable.strings */ = {
			isa = PBXVariantGroup;
			children = (
				742889F91BF73A870018EAE4 /* de */,
				742889FB1BF73A8A0018EAE4 /* Base */,
			);
			name = Localizable.strings;
			sourceTree = "<group>";
		};
		743ED88D1BF6339A00DA2E46 /* MainInterface.storyboard */ = {
			isa = PBXVariantGroup;
			children = (
				743ED88E1BF6339A00DA2E46 /* Base */,
				742889ED1BF735AD0018EAE4 /* de */,
			);
			name = MainInterface.storyboard;
			sourceTree = "<group>";
		};
		7468840D1C0B701600F719BA /* Main.storyboard */ = {
			isa = PBXVariantGroup;
			children = (
				7468840C1C0B701600F719BA /* Base */,
				7468840F1C0B701B00F719BA /* de */,
			);
			name = Main.storyboard;
			sourceTree = "<group>";
		};
		74AA072A1C06E20B002AC075 /* InfoPlist.strings */ = {
			isa = PBXVariantGroup;
			children = (
				74AA07291C06E20B002AC075 /* Base */,
				74AA072B1C06E210002AC075 /* de */,
			);
			name = InfoPlist.strings;
			sourceTree = "<group>";
		};
		74EBE6AC1BDD56710026F2AE /* LaunchScreen.storyboard */ = {
			isa = PBXVariantGroup;
			children = (
				74EBE6AD1BDD56710026F2AE /* Base */,
				742889F41BF737900018EAE4 /* de */,
			);
			name = LaunchScreen.storyboard;
			sourceTree = "<group>";
		};
/* End PBXVariantGroup section */

/* Begin XCBuildConfiguration section */
		743ED8941BF6339A00DA2E46 /* Debug */ = {
			isa = XCBuildConfiguration;
			buildSettings = {
				CODE_SIGN_ENTITLEMENTS = WidgetLesson/WidgetLesson.entitlements;
				CODE_SIGN_IDENTITY = "iPhone Developer";
				"CODE_SIGN_IDENTITY[sdk=iphoneos*]" = "iPhone Developer";
				INFOPLIST_FILE = WidgetLesson/Info.plist;
				LD_RUNPATH_SEARCH_PATHS = "$(inherited) @executable_path/Frameworks @executable_path/../../Frameworks";
				PRODUCT_BUNDLE_IDENTIFIER = lee.labf.timetable.widgetlesson;
				PRODUCT_NAME = "$(TARGET_NAME)";
				PROVISIONING_PROFILE = "";
				SKIP_INSTALL = YES;
			};
			name = Debug;
		};
		743ED8951BF6339A00DA2E46 /* Release */ = {
			isa = XCBuildConfiguration;
			buildSettings = {
				CODE_SIGN_ENTITLEMENTS = WidgetLesson/WidgetLesson.entitlements;
				CODE_SIGN_IDENTITY = "iPhone Developer";
				"CODE_SIGN_IDENTITY[sdk=iphoneos*]" = "iPhone Developer";
				INFOPLIST_FILE = WidgetLesson/Info.plist;
				LD_RUNPATH_SEARCH_PATHS = "$(inherited) @executable_path/Frameworks @executable_path/../../Frameworks";
				PRODUCT_BUNDLE_IDENTIFIER = lee.labf.timetable.widgetlesson;
				PRODUCT_NAME = "$(TARGET_NAME)";
				PROVISIONING_PROFILE = "";
				SKIP_INSTALL = YES;
			};
			name = Release;
		};
		74EBE6C61BDD56720026F2AE /* Debug */ = {
			isa = XCBuildConfiguration;
			buildSettings = {
				ALWAYS_SEARCH_USER_PATHS = NO;
				CLANG_CXX_LANGUAGE_STANDARD = "gnu++0x";
				CLANG_CXX_LIBRARY = "libc++";
				CLANG_ENABLE_MODULES = YES;
				CLANG_ENABLE_OBJC_ARC = YES;
				CLANG_WARN_BOOL_CONVERSION = YES;
				CLANG_WARN_CONSTANT_CONVERSION = YES;
				CLANG_WARN_DIRECT_OBJC_ISA_USAGE = YES_ERROR;
				CLANG_WARN_EMPTY_BODY = YES;
				CLANG_WARN_ENUM_CONVERSION = YES;
				CLANG_WARN_INT_CONVERSION = YES;
				CLANG_WARN_OBJC_ROOT_CLASS = YES_ERROR;
				CLANG_WARN_UNREACHABLE_CODE = YES;
				CLANG_WARN__DUPLICATE_METHOD_MATCH = YES;
				"CODE_SIGN_IDENTITY[sdk=iphoneos*]" = "iPhone Developer";
				COPY_PHASE_STRIP = NO;
				DEBUG_INFORMATION_FORMAT = dwarf;
				ENABLE_STRICT_OBJC_MSGSEND = YES;
				ENABLE_TESTABILITY = YES;
				GCC_C_LANGUAGE_STANDARD = gnu99;
				GCC_DYNAMIC_NO_PIC = NO;
				GCC_NO_COMMON_BLOCKS = YES;
				GCC_OPTIMIZATION_LEVEL = 0;
				GCC_PREPROCESSOR_DEFINITIONS = (
					"DEBUG=1",
					"$(inherited)",
				);
				GCC_WARN_64_TO_32_BIT_CONVERSION = YES;
				GCC_WARN_ABOUT_RETURN_TYPE = YES_ERROR;
				GCC_WARN_UNDECLARED_SELECTOR = YES;
				GCC_WARN_UNINITIALIZED_AUTOS = YES_AGGRESSIVE;
				GCC_WARN_UNUSED_FUNCTION = YES;
				GCC_WARN_UNUSED_VARIABLE = YES;
				IPHONEOS_DEPLOYMENT_TARGET = 9.1;
				MTL_ENABLE_DEBUG_INFO = YES;
				ONLY_ACTIVE_ARCH = YES;
				SDKROOT = iphoneos;
				SWIFT_OPTIMIZATION_LEVEL = "-Onone";
			};
			name = Debug;
		};
		74EBE6C71BDD56720026F2AE /* Release */ = {
			isa = XCBuildConfiguration;
			buildSettings = {
				ALWAYS_SEARCH_USER_PATHS = NO;
				CLANG_CXX_LANGUAGE_STANDARD = "gnu++0x";
				CLANG_CXX_LIBRARY = "libc++";
				CLANG_ENABLE_MODULES = YES;
				CLANG_ENABLE_OBJC_ARC = YES;
				CLANG_WARN_BOOL_CONVERSION = YES;
				CLANG_WARN_CONSTANT_CONVERSION = YES;
				CLANG_WARN_DIRECT_OBJC_ISA_USAGE = YES_ERROR;
				CLANG_WARN_EMPTY_BODY = YES;
				CLANG_WARN_ENUM_CONVERSION = YES;
				CLANG_WARN_INT_CONVERSION = YES;
				CLANG_WARN_OBJC_ROOT_CLASS = YES_ERROR;
				CLANG_WARN_UNREACHABLE_CODE = YES;
				CLANG_WARN__DUPLICATE_METHOD_MATCH = YES;
				"CODE_SIGN_IDENTITY[sdk=iphoneos*]" = "iPhone Developer";
				COPY_PHASE_STRIP = NO;
				DEBUG_INFORMATION_FORMAT = "dwarf-with-dsym";
				ENABLE_NS_ASSERTIONS = NO;
				ENABLE_STRICT_OBJC_MSGSEND = YES;
				GCC_C_LANGUAGE_STANDARD = gnu99;
				GCC_NO_COMMON_BLOCKS = YES;
				GCC_WARN_64_TO_32_BIT_CONVERSION = YES;
				GCC_WARN_ABOUT_RETURN_TYPE = YES_ERROR;
				GCC_WARN_UNDECLARED_SELECTOR = YES;
				GCC_WARN_UNINITIALIZED_AUTOS = YES_AGGRESSIVE;
				GCC_WARN_UNUSED_FUNCTION = YES;
				GCC_WARN_UNUSED_VARIABLE = YES;
				IPHONEOS_DEPLOYMENT_TARGET = 9.1;
				MTL_ENABLE_DEBUG_INFO = NO;
				SDKROOT = iphoneos;
				VALIDATE_PRODUCT = YES;
			};
			name = Release;
		};
		74EBE6C91BDD56720026F2AE /* Debug */ = {
			isa = XCBuildConfiguration;
			buildSettings = {
				ASSETCATALOG_COMPILER_APPICON_NAME = AppIcon;
				CODE_SIGN_ENTITLEMENTS = TimeTableFirstTry/TimeTableFirstTry.entitlements;
				CODE_SIGN_IDENTITY = "iPhone Developer";
				"CODE_SIGN_IDENTITY[sdk=iphoneos*]" = "iPhone Developer";
				EMBEDDED_CONTENT_CONTAINS_SWIFT = YES;
				INFOPLIST_FILE = TimeTableFirstTry/Info.plist;
				LD_RUNPATH_SEARCH_PATHS = "$(inherited) @executable_path/Frameworks";
				PRODUCT_BUNDLE_IDENTIFIER = lee.labf.timetable;
				PRODUCT_NAME = "Timetable App";
				PROVISIONING_PROFILE = "";
				TARGETED_DEVICE_FAMILY = 1;
			};
			name = Debug;
		};
		74EBE6CA1BDD56720026F2AE /* Release */ = {
			isa = XCBuildConfiguration;
			buildSettings = {
				ASSETCATALOG_COMPILER_APPICON_NAME = AppIcon;
				CODE_SIGN_ENTITLEMENTS = TimeTableFirstTry/TimeTableFirstTry.entitlements;
				CODE_SIGN_IDENTITY = "iPhone Developer";
				"CODE_SIGN_IDENTITY[sdk=iphoneos*]" = "iPhone Developer";
				EMBEDDED_CONTENT_CONTAINS_SWIFT = YES;
				INFOPLIST_FILE = TimeTableFirstTry/Info.plist;
				LD_RUNPATH_SEARCH_PATHS = "$(inherited) @executable_path/Frameworks";
				PRODUCT_BUNDLE_IDENTIFIER = lee.labf.timetable;
				PRODUCT_NAME = "Timetable App";
				PROVISIONING_PROFILE = "";
				TARGETED_DEVICE_FAMILY = 1;
			};
			name = Release;
		};
		74EBE6CC1BDD56720026F2AE /* Debug */ = {
			isa = XCBuildConfiguration;
			buildSettings = {
				BUNDLE_LOADER = "$(TEST_HOST)";
				INFOPLIST_FILE = TimeTableFirstTryTests/Info.plist;
				LD_RUNPATH_SEARCH_PATHS = "$(inherited) @executable_path/Frameworks @loader_path/Frameworks";
				PRODUCT_BUNDLE_IDENTIFIER = labf.TimeTableFirstTryTests;
				PRODUCT_NAME = "Timetable App";
				TEST_HOST = "$(BUILT_PRODUCTS_DIR)/Timetable App.app/Timetable App";
			};
			name = Debug;
		};
		74EBE6CD1BDD56720026F2AE /* Release */ = {
			isa = XCBuildConfiguration;
			buildSettings = {
				BUNDLE_LOADER = "$(TEST_HOST)";
				INFOPLIST_FILE = TimeTableFirstTryTests/Info.plist;
				LD_RUNPATH_SEARCH_PATHS = "$(inherited) @executable_path/Frameworks @loader_path/Frameworks";
				PRODUCT_BUNDLE_IDENTIFIER = labf.TimeTableFirstTryTests;
				PRODUCT_NAME = "Timetable App";
				TEST_HOST = "$(BUILT_PRODUCTS_DIR)/Timetable App.app/Timetable App";
			};
			name = Release;
		};
		74EBE6CF1BDD56720026F2AE /* Debug */ = {
			isa = XCBuildConfiguration;
			buildSettings = {
				INFOPLIST_FILE = TimeTableFirstTryUITests/Info.plist;
				LD_RUNPATH_SEARCH_PATHS = "$(inherited) @executable_path/Frameworks @loader_path/Frameworks";
				PRODUCT_BUNDLE_IDENTIFIER = labf.TimeTableFirstTryUITests;
				PRODUCT_NAME = "Timetable App";
				TEST_TARGET_NAME = TimeTableFirstTry;
				USES_XCTRUNNER = YES;
			};
			name = Debug;
		};
		74EBE6D01BDD56720026F2AE /* Release */ = {
			isa = XCBuildConfiguration;
			buildSettings = {
				INFOPLIST_FILE = TimeTableFirstTryUITests/Info.plist;
				LD_RUNPATH_SEARCH_PATHS = "$(inherited) @executable_path/Frameworks @loader_path/Frameworks";
				PRODUCT_BUNDLE_IDENTIFIER = labf.TimeTableFirstTryUITests;
				PRODUCT_NAME = "Timetable App";
				TEST_TARGET_NAME = TimeTableFirstTry;
				USES_XCTRUNNER = YES;
			};
			name = Release;
		};
/* End XCBuildConfiguration section */

/* Begin XCConfigurationList section */
		743ED8961BF6339A00DA2E46 /* Build configuration list for PBXNativeTarget "WidgetLesson" */ = {
			isa = XCConfigurationList;
			buildConfigurations = (
				743ED8941BF6339A00DA2E46 /* Debug */,
				743ED8951BF6339A00DA2E46 /* Release */,
			);
			defaultConfigurationIsVisible = 0;
			defaultConfigurationName = Release;
		};
		74EBE6981BDD56710026F2AE /* Build configuration list for PBXProject "Timetable App" */ = {
			isa = XCConfigurationList;
			buildConfigurations = (
				74EBE6C61BDD56720026F2AE /* Debug */,
				74EBE6C71BDD56720026F2AE /* Release */,
			);
			defaultConfigurationIsVisible = 0;
			defaultConfigurationName = Release;
		};
		74EBE6C81BDD56720026F2AE /* Build configuration list for PBXNativeTarget "Timetable App" */ = {
			isa = XCConfigurationList;
			buildConfigurations = (
				74EBE6C91BDD56720026F2AE /* Debug */,
				74EBE6CA1BDD56720026F2AE /* Release */,
			);
			defaultConfigurationIsVisible = 0;
			defaultConfigurationName = Release;
		};
		74EBE6CB1BDD56720026F2AE /* Build configuration list for PBXNativeTarget "Timetable AppTests" */ = {
			isa = XCConfigurationList;
			buildConfigurations = (
				74EBE6CC1BDD56720026F2AE /* Debug */,
				74EBE6CD1BDD56720026F2AE /* Release */,
			);
			defaultConfigurationIsVisible = 0;
			defaultConfigurationName = Release;
		};
		74EBE6CE1BDD56720026F2AE /* Build configuration list for PBXNativeTarget "Timetable AppUITests" */ = {
			isa = XCConfigurationList;
			buildConfigurations = (
				74EBE6CF1BDD56720026F2AE /* Debug */,
				74EBE6D01BDD56720026F2AE /* Release */,
			);
			defaultConfigurationIsVisible = 0;
			defaultConfigurationName = Release;
		};
/* End XCConfigurationList section */

/* Begin XCVersionGroup section */
		74EBE6A71BDD56710026F2AE /* TimeTableFirstTry.xcdatamodeld */ = {
			isa = XCVersionGroup;
			children = (
				74EBE6A81BDD56710026F2AE /* TimeTableFirstTry.xcdatamodel */,
			);
			currentVersion = 74EBE6A81BDD56710026F2AE /* TimeTableFirstTry.xcdatamodel */;
			path = TimeTableFirstTry.xcdatamodeld;
			sourceTree = "<group>";
			versionGroupType = wrapper.xcdatamodel;
		};
/* End XCVersionGroup section */
	};
	rootObject = 74EBE6951BDD56710026F2AE /* Project object */;
}
