// !$*UTF8*$!
{
	archiveVersion = 1;
	classes = {
	};
	objectVersion = 46;
	objects = {

/* Begin PBXBuildFile section */
		4F6402DE1BE8CC7000A611F6 /* GetAPIData.swift in Sources */ = {isa = PBXBuildFile; fileRef = 4F6402DD1BE8CC7000A611F6 /* GetAPIData.swift */; };
		4F8600711BE8D8B700FA53AD /* TimetableTime.swift in Sources */ = {isa = PBXBuildFile; fileRef = 4F8600701BE8D8B700FA53AD /* TimetableTime.swift */; };
		4FBEFFEC1BEB7A78007C4647 /* Token.swift in Sources */ = {isa = PBXBuildFile; fileRef = 4FBEFFEB1BEB7A78007C4647 /* Token.swift */; };
		741008921BEA8857009FB899 /* TimeCollectionViewCell.swift in Sources */ = {isa = PBXBuildFile; fileRef = 741008911BEA8857009FB899 /* TimeCollectionViewCell.swift */; };
		741008941BEA889E009FB899 /* TimeCollectionViewCell.xib in Resources */ = {isa = PBXBuildFile; fileRef = 741008931BEA889E009FB899 /* TimeCollectionViewCell.xib */; };
		742889F81BF73A870018EAE4 /* Localizable.strings in Resources */ = {isa = PBXBuildFile; fileRef = 742889FA1BF73A870018EAE4 /* Localizable.strings */; };
		742889FD1BF73E110018EAE4 /* Subjects.strings in Resources */ = {isa = PBXBuildFile; fileRef = 742889FC1BF73E110018EAE4 /* Subjects.strings */; };
		74382ED91BEFBE13007A28C4 /* Day.swift in Sources */ = {isa = PBXBuildFile; fileRef = 74382ED81BEFBE13007A28C4 /* Day.swift */; };
		743ED8891BF6339A00DA2E46 /* NotificationCenter.framework in Frameworks */ = {isa = PBXBuildFile; fileRef = 743ED8881BF6339A00DA2E46 /* NotificationCenter.framework */; };
		743ED88C1BF6339A00DA2E46 /* TodayViewController.swift in Sources */ = {isa = PBXBuildFile; fileRef = 743ED88B1BF6339A00DA2E46 /* TodayViewController.swift */; };
		743ED88F1BF6339A00DA2E46 /* MainInterface.storyboard in Resources */ = {isa = PBXBuildFile; fileRef = 743ED88D1BF6339A00DA2E46 /* MainInterface.storyboard */; };
		743ED8931BF6339A00DA2E46 /* WidgetLesson.appex in Embed App Extensions */ = {isa = PBXBuildFile; fileRef = 743ED8861BF6339A00DA2E46 /* WidgetLesson.appex */; settings = {ATTRIBUTES = (RemoveHeadersOnCopy, ); }; };
		743ED8991BF6363900DA2E46 /* TodayLayout.swift in Sources */ = {isa = PBXBuildFile; fileRef = 743ED8981BF6363900DA2E46 /* TodayLayout.swift */; };
		743ED89C1BF63FA700DA2E46 /* Day.swift in Sources */ = {isa = PBXBuildFile; fileRef = 74382ED81BEFBE13007A28C4 /* Day.swift */; };
		743ED89D1BF63FD000DA2E46 /* DeclareLesson.swift in Sources */ = {isa = PBXBuildFile; fileRef = 74866B081BEBE9BA0030FA95 /* DeclareLesson.swift */; };
		743ED89E1BF63FDC00DA2E46 /* TimetableTime.swift in Sources */ = {isa = PBXBuildFile; fileRef = 4F8600701BE8D8B700FA53AD /* TimetableTime.swift */; };
		743ED89F1BF6400B00DA2E46 /* ReplacedLessonCollectionViewCell.swift in Sources */ = {isa = PBXBuildFile; fileRef = 7443BE131BED2E93007E6807 /* ReplacedLessonCollectionViewCell.swift */; };
		743ED8A01BF6401200DA2E46 /* LessonCollectionViewCell.swift in Sources */ = {isa = PBXBuildFile; fileRef = 74866B0B1BEBF10A0030FA95 /* LessonCollectionViewCell.swift */; };
		743ED8A11BF6401600DA2E46 /* TimeCollectionViewCell.swift in Sources */ = {isa = PBXBuildFile; fileRef = 741008911BEA8857009FB899 /* TimeCollectionViewCell.swift */; };
		743ED8A21BF6402400DA2E46 /* TimetitleCollectionViewCell.swift in Sources */ = {isa = PBXBuildFile; fileRef = 74EBE6DE1BDD59F00026F2AE /* TimetitleCollectionViewCell.swift */; };
		743ED8A31BF6402A00DA2E46 /* DayCollectionViewCell.swift in Sources */ = {isa = PBXBuildFile; fileRef = 74EBE6DA1BDD598A0026F2AE /* DayCollectionViewCell.swift */; };
		743ED8A51BF640D600DA2E46 /* Lesson.swift in Sources */ = {isa = PBXBuildFile; fileRef = 74866B061BEBE5570030FA95 /* Lesson.swift */; };
		743ED8A61BF646FA00DA2E46 /* TimetitleCollectionViewCell.xib in Resources */ = {isa = PBXBuildFile; fileRef = 749588281BE144F7006710B2 /* TimetitleCollectionViewCell.xib */; };
		743ED8A71BF6470000DA2E46 /* DayCollectionViewCell.xib in Resources */ = {isa = PBXBuildFile; fileRef = 749588261BE144E5006710B2 /* DayCollectionViewCell.xib */; };
		743ED8A81BF6470500DA2E46 /* TimeCollectionViewCell.xib in Resources */ = {isa = PBXBuildFile; fileRef = 741008931BEA889E009FB899 /* TimeCollectionViewCell.xib */; };
		743ED8A91BF6470A00DA2E46 /* LessonCollectionViewCell.xib in Resources */ = {isa = PBXBuildFile; fileRef = 74866B0D1BEBF1370030FA95 /* LessonCollectionViewCell.xib */; };
		743ED8AA1BF6471000DA2E46 /* ReplacedLessonCollectionViewCell.xib in Resources */ = {isa = PBXBuildFile; fileRef = 7443BE111BED2E74007E6807 /* ReplacedLessonCollectionViewCell.xib */; };
		7443BE121BED2E74007E6807 /* ReplacedLessonCollectionViewCell.xib in Resources */ = {isa = PBXBuildFile; fileRef = 7443BE111BED2E74007E6807 /* ReplacedLessonCollectionViewCell.xib */; };
		7443BE141BED2E93007E6807 /* ReplacedLessonCollectionViewCell.swift in Sources */ = {isa = PBXBuildFile; fileRef = 7443BE131BED2E93007E6807 /* ReplacedLessonCollectionViewCell.swift */; };
		74866B071BEBE5570030FA95 /* Lesson.swift in Sources */ = {isa = PBXBuildFile; fileRef = 74866B061BEBE5570030FA95 /* Lesson.swift */; };
		74866B091BEBE9BA0030FA95 /* DeclareLesson.swift in Sources */ = {isa = PBXBuildFile; fileRef = 74866B081BEBE9BA0030FA95 /* DeclareLesson.swift */; };
		74866B0C1BEBF10A0030FA95 /* LessonCollectionViewCell.swift in Sources */ = {isa = PBXBuildFile; fileRef = 74866B0B1BEBF10A0030FA95 /* LessonCollectionViewCell.swift */; };
		74866B0E1BEBF1370030FA95 /* LessonCollectionViewCell.xib in Resources */ = {isa = PBXBuildFile; fileRef = 74866B0D1BEBF1370030FA95 /* LessonCollectionViewCell.xib */; };
		749588271BE144E5006710B2 /* DayCollectionViewCell.xib in Resources */ = {isa = PBXBuildFile; fileRef = 749588261BE144E5006710B2 /* DayCollectionViewCell.xib */; };
		749588291BE144F7006710B2 /* TimetitleCollectionViewCell.xib in Resources */ = {isa = PBXBuildFile; fileRef = 749588281BE144F7006710B2 /* TimetitleCollectionViewCell.xib */; };
		74AD297F1BF75A2D001382F5 /* SettingsTableViewController.swift in Sources */ = {isa = PBXBuildFile; fileRef = 74AD297E1BF75A2D001382F5 /* SettingsTableViewController.swift */; };
		74EBE6A11BDD56710026F2AE /* AppDelegate.swift in Sources */ = {isa = PBXBuildFile; fileRef = 74EBE6A01BDD56710026F2AE /* AppDelegate.swift */; };
		74EBE6A31BDD56710026F2AE /* CollectionViewController.swift in Sources */ = {isa = PBXBuildFile; fileRef = 74EBE6A21BDD56710026F2AE /* CollectionViewController.swift */; };
		74EBE6A91BDD56710026F2AE /* TimeTableFirstTry.xcdatamodeld in Sources */ = {isa = PBXBuildFile; fileRef = 74EBE6A71BDD56710026F2AE /* TimeTableFirstTry.xcdatamodeld */; };
		74EBE6AB1BDD56710026F2AE /* Assets.xcassets in Resources */ = {isa = PBXBuildFile; fileRef = 74EBE6AA1BDD56710026F2AE /* Assets.xcassets */; };
		74EBE6AE1BDD56710026F2AE /* LaunchScreen.storyboard in Resources */ = {isa = PBXBuildFile; fileRef = 74EBE6AC1BDD56710026F2AE /* LaunchScreen.storyboard */; };
		74EBE6B91BDD56710026F2AE /* TimeTableFirstTryTests.swift in Sources */ = {isa = PBXBuildFile; fileRef = 74EBE6B81BDD56710026F2AE /* TimeTableFirstTryTests.swift */; };
		74EBE6C41BDD56720026F2AE /* TimeTableFirstTryUITests.swift in Sources */ = {isa = PBXBuildFile; fileRef = 74EBE6C31BDD56720026F2AE /* TimeTableFirstTryUITests.swift */; };
		74EBE6D91BDD59580026F2AE /* CustomCollectionViewLayout.swift in Sources */ = {isa = PBXBuildFile; fileRef = 74EBE6D81BDD59580026F2AE /* CustomCollectionViewLayout.swift */; };
		74EBE6DB1BDD598A0026F2AE /* DayCollectionViewCell.swift in Sources */ = {isa = PBXBuildFile; fileRef = 74EBE6DA1BDD598A0026F2AE /* DayCollectionViewCell.swift */; };
		74EBE6DF1BDD59F00026F2AE /* TimetitleCollectionViewCell.swift in Sources */ = {isa = PBXBuildFile; fileRef = 74EBE6DE1BDD59F00026F2AE /* TimetitleCollectionViewCell.swift */; };
		74F88ABB1BFBC58200E65B34 /* Main.storyboard in Resources */ = {isa = PBXBuildFile; fileRef = 74F88ABD1BFBC58200E65B34 /* Main.storyboard */; };
/* End PBXBuildFile section */

/* Begin PBXContainerItemProxy section */
		743ED8911BF6339A00DA2E46 /* PBXContainerItemProxy */ = {
			isa = PBXContainerItemProxy;
			containerPortal = 74EBE6951BDD56710026F2AE /* Project object */;
			proxyType = 1;
			remoteGlobalIDString = 743ED8851BF6339A00DA2E46;
			remoteInfo = WidgetLesson;
		};
		74EBE6B51BDD56710026F2AE /* PBXContainerItemProxy */ = {
			isa = PBXContainerItemProxy;
			containerPortal = 74EBE6951BDD56710026F2AE /* Project object */;
			proxyType = 1;
			remoteGlobalIDString = 74EBE69C1BDD56710026F2AE;
			remoteInfo = TimeTableFirstTry;
		};
		74EBE6C01BDD56720026F2AE /* PBXContainerItemProxy */ = {
			isa = PBXContainerItemProxy;
			containerPortal = 74EBE6951BDD56710026F2AE /* Project object */;
			proxyType = 1;
			remoteGlobalIDString = 74EBE69C1BDD56710026F2AE;
			remoteInfo = TimeTableFirstTry;
		};
/* End PBXContainerItemProxy section */

/* Begin PBXCopyFilesBuildPhase section */
		743ED8971BF6339A00DA2E46 /* Embed App Extensions */ = {
			isa = PBXCopyFilesBuildPhase;
			buildActionMask = 2147483647;
			dstPath = "";
			dstSubfolderSpec = 13;
			files = (
				743ED8931BF6339A00DA2E46 /* WidgetLesson.appex in Embed App Extensions */,
			);
			name = "Embed App Extensions";
			runOnlyForDeploymentPostprocessing = 0;
		};
/* End PBXCopyFilesBuildPhase section */

/* Begin PBXFileReference section */
		4F6402DD1BE8CC7000A611F6 /* GetAPIData.swift */ = {isa = PBXFileReference; fileEncoding = 4; lastKnownFileType = sourcecode.swift; path = GetAPIData.swift; sourceTree = "<group>"; };
		4F8600701BE8D8B700FA53AD /* TimetableTime.swift */ = {isa = PBXFileReference; fileEncoding = 4; lastKnownFileType = sourcecode.swift; path = TimetableTime.swift; sourceTree = "<group>"; };
		4FBEFFEB1BEB7A78007C4647 /* Token.swift */ = {isa = PBXFileReference; fileEncoding = 4; lastKnownFileType = sourcecode.swift; path = Token.swift; sourceTree = "<group>"; };
		741008911BEA8857009FB899 /* TimeCollectionViewCell.swift */ = {isa = PBXFileReference; fileEncoding = 4; lastKnownFileType = sourcecode.swift; path = TimeCollectionViewCell.swift; sourceTree = "<group>"; };
		741008931BEA889E009FB899 /* TimeCollectionViewCell.xib */ = {isa = PBXFileReference; fileEncoding = 4; lastKnownFileType = file.xib; path = TimeCollectionViewCell.xib; sourceTree = "<group>"; };
		742889ED1BF735AD0018EAE4 /* de */ = {isa = PBXFileReference; lastKnownFileType = text.plist.strings; name = de; path = de.lproj/MainInterface.strings; sourceTree = "<group>"; };
		742889F41BF737900018EAE4 /* de */ = {isa = PBXFileReference; lastKnownFileType = text.plist.strings; name = de; path = de.lproj/LaunchScreen.strings; sourceTree = "<group>"; };
		742889F91BF73A870018EAE4 /* de */ = {isa = PBXFileReference; lastKnownFileType = text.plist.strings; name = de; path = de.lproj/Localizable.strings; sourceTree = "<group>"; };
		742889FB1BF73A8A0018EAE4 /* Base */ = {isa = PBXFileReference; lastKnownFileType = text.plist.strings; name = Base; path = Base.lproj/Localizable.strings; sourceTree = "<group>"; };
		742889FC1BF73E110018EAE4 /* Subjects.strings */ = {isa = PBXFileReference; fileEncoding = 4; lastKnownFileType = text.plist.strings; path = Subjects.strings; sourceTree = "<group>"; };
		74382ED81BEFBE13007A28C4 /* Day.swift */ = {isa = PBXFileReference; fileEncoding = 4; lastKnownFileType = sourcecode.swift; path = Day.swift; sourceTree = "<group>"; };
		743ED8861BF6339A00DA2E46 /* WidgetLesson.appex */ = {isa = PBXFileReference; explicitFileType = "wrapper.app-extension"; includeInIndex = 0; path = WidgetLesson.appex; sourceTree = BUILT_PRODUCTS_DIR; };
		743ED8881BF6339A00DA2E46 /* NotificationCenter.framework */ = {isa = PBXFileReference; lastKnownFileType = wrapper.framework; name = NotificationCenter.framework; path = System/Library/Frameworks/NotificationCenter.framework; sourceTree = SDKROOT; };
		743ED88B1BF6339A00DA2E46 /* TodayViewController.swift */ = {isa = PBXFileReference; lastKnownFileType = sourcecode.swift; path = TodayViewController.swift; sourceTree = "<group>"; };
		743ED88E1BF6339A00DA2E46 /* Base */ = {isa = PBXFileReference; lastKnownFileType = file.storyboard; name = Base; path = Base.lproj/MainInterface.storyboard; sourceTree = "<group>"; };
		743ED8901BF6339A00DA2E46 /* Info.plist */ = {isa = PBXFileReference; lastKnownFileType = text.plist.xml; path = Info.plist; sourceTree = "<group>"; };
		743ED8981BF6363900DA2E46 /* TodayLayout.swift */ = {isa = PBXFileReference; fileEncoding = 4; lastKnownFileType = sourcecode.swift; path = TodayLayout.swift; sourceTree = "<group>"; };
		7443BE111BED2E74007E6807 /* ReplacedLessonCollectionViewCell.xib */ = {isa = PBXFileReference; fileEncoding = 4; lastKnownFileType = file.xib; path = ReplacedLessonCollectionViewCell.xib; sourceTree = "<group>"; };
		7443BE131BED2E93007E6807 /* ReplacedLessonCollectionViewCell.swift */ = {isa = PBXFileReference; fileEncoding = 4; lastKnownFileType = sourcecode.swift; path = ReplacedLessonCollectionViewCell.swift; sourceTree = "<group>"; };
		74866B061BEBE5570030FA95 /* Lesson.swift */ = {isa = PBXFileReference; fileEncoding = 4; lastKnownFileType = sourcecode.swift; path = Lesson.swift; sourceTree = "<group>"; };
		74866B081BEBE9BA0030FA95 /* DeclareLesson.swift */ = {isa = PBXFileReference; fileEncoding = 4; lastKnownFileType = sourcecode.swift; path = DeclareLesson.swift; sourceTree = "<group>"; };
		74866B0B1BEBF10A0030FA95 /* LessonCollectionViewCell.swift */ = {isa = PBXFileReference; fileEncoding = 4; lastKnownFileType = sourcecode.swift; path = LessonCollectionViewCell.swift; sourceTree = "<group>"; };
		74866B0D1BEBF1370030FA95 /* LessonCollectionViewCell.xib */ = {isa = PBXFileReference; fileEncoding = 4; lastKnownFileType = file.xib; path = LessonCollectionViewCell.xib; sourceTree = "<group>"; };
		749588261BE144E5006710B2 /* DayCollectionViewCell.xib */ = {isa = PBXFileReference; fileEncoding = 4; lastKnownFileType = file.xib; path = DayCollectionViewCell.xib; sourceTree = "<group>"; };
		749588281BE144F7006710B2 /* TimetitleCollectionViewCell.xib */ = {isa = PBXFileReference; fileEncoding = 4; lastKnownFileType = file.xib; path = TimetitleCollectionViewCell.xib; sourceTree = "<group>"; };
		74AD297E1BF75A2D001382F5 /* SettingsTableViewController.swift */ = {isa = PBXFileReference; fileEncoding = 4; lastKnownFileType = sourcecode.swift; path = SettingsTableViewController.swift; sourceTree = "<group>"; };
		74EBE69D1BDD56710026F2AE /* TimeTableFirstTry.app */ = {isa = PBXFileReference; explicitFileType = wrapper.application; includeInIndex = 0; path = TimeTableFirstTry.app; sourceTree = BUILT_PRODUCTS_DIR; };
		74EBE6A01BDD56710026F2AE /* AppDelegate.swift */ = {isa = PBXFileReference; lastKnownFileType = sourcecode.swift; path = AppDelegate.swift; sourceTree = "<group>"; };
		74EBE6A21BDD56710026F2AE /* CollectionViewController.swift */ = {isa = PBXFileReference; lastKnownFileType = sourcecode.swift; path = CollectionViewController.swift; sourceTree = "<group>"; };
		74EBE6A81BDD56710026F2AE /* TimeTableFirstTry.xcdatamodel */ = {isa = PBXFileReference; lastKnownFileType = wrapper.xcdatamodel; path = TimeTableFirstTry.xcdatamodel; sourceTree = "<group>"; };
		74EBE6AA1BDD56710026F2AE /* Assets.xcassets */ = {isa = PBXFileReference; lastKnownFileType = folder.assetcatalog; path = Assets.xcassets; sourceTree = "<group>"; };
		74EBE6AD1BDD56710026F2AE /* Base */ = {isa = PBXFileReference; lastKnownFileType = file.storyboard; name = Base; path = Base.lproj/LaunchScreen.storyboard; sourceTree = "<group>"; };
		74EBE6AF1BDD56710026F2AE /* Info.plist */ = {isa = PBXFileReference; lastKnownFileType = text.plist.xml; path = Info.plist; sourceTree = "<group>"; };
		74EBE6B41BDD56710026F2AE /* TimeTableFirstTryTests.xctest */ = {isa = PBXFileReference; explicitFileType = wrapper.cfbundle; includeInIndex = 0; path = TimeTableFirstTryTests.xctest; sourceTree = BUILT_PRODUCTS_DIR; };
		74EBE6B81BDD56710026F2AE /* TimeTableFirstTryTests.swift */ = {isa = PBXFileReference; lastKnownFileType = sourcecode.swift; path = TimeTableFirstTryTests.swift; sourceTree = "<group>"; };
		74EBE6BA1BDD56710026F2AE /* Info.plist */ = {isa = PBXFileReference; lastKnownFileType = text.plist.xml; path = Info.plist; sourceTree = "<group>"; };
		74EBE6BF1BDD56720026F2AE /* TimeTableFirstTryUITests.xctest */ = {isa = PBXFileReference; explicitFileType = wrapper.cfbundle; includeInIndex = 0; path = TimeTableFirstTryUITests.xctest; sourceTree = BUILT_PRODUCTS_DIR; };
		74EBE6C31BDD56720026F2AE /* TimeTableFirstTryUITests.swift */ = {isa = PBXFileReference; lastKnownFileType = sourcecode.swift; path = TimeTableFirstTryUITests.swift; sourceTree = "<group>"; };
		74EBE6C51BDD56720026F2AE /* Info.plist */ = {isa = PBXFileReference; lastKnownFileType = text.plist.xml; path = Info.plist; sourceTree = "<group>"; };
		74EBE6D81BDD59580026F2AE /* CustomCollectionViewLayout.swift */ = {isa = PBXFileReference; fileEncoding = 4; lastKnownFileType = sourcecode.swift; path = CustomCollectionViewLayout.swift; sourceTree = "<group>"; };
		74EBE6DA1BDD598A0026F2AE /* DayCollectionViewCell.swift */ = {isa = PBXFileReference; fileEncoding = 4; lastKnownFileType = sourcecode.swift; path = DayCollectionViewCell.swift; sourceTree = "<group>"; };
		74EBE6DE1BDD59F00026F2AE /* TimetitleCollectionViewCell.swift */ = {isa = PBXFileReference; fileEncoding = 4; lastKnownFileType = sourcecode.swift; path = TimetitleCollectionViewCell.swift; sourceTree = "<group>"; };
		74F88AC01BFBC5CA00E65B34 /* Base */ = {isa = PBXFileReference; lastKnownFileType = file.storyboard; name = Base; path = Base.lproj/Main.storyboard; sourceTree = "<group>"; };
		74F88AC21BFBC5F300E65B34 /* de */ = {isa = PBXFileReference; lastKnownFileType = text.plist.strings; name = de; path = de.lproj/Main.strings; sourceTree = "<group>"; };
/* End PBXFileReference section */

/* Begin PBXFrameworksBuildPhase section */
		743ED8831BF6339A00DA2E46 /* Frameworks */ = {
			isa = PBXFrameworksBuildPhase;
			buildActionMask = 2147483647;
			files = (
				743ED8891BF6339A00DA2E46 /* NotificationCenter.framework in Frameworks */,
			);
			runOnlyForDeploymentPostprocessing = 0;
		};
		74EBE69A1BDD56710026F2AE /* Frameworks */ = {
			isa = PBXFrameworksBuildPhase;
			buildActionMask = 2147483647;
			files = (
			);
			runOnlyForDeploymentPostprocessing = 0;
		};
		74EBE6B11BDD56710026F2AE /* Frameworks */ = {
			isa = PBXFrameworksBuildPhase;
			buildActionMask = 2147483647;
			files = (
			);
			runOnlyForDeploymentPostprocessing = 0;
		};
		74EBE6BC1BDD56710026F2AE /* Frameworks */ = {
			isa = PBXFrameworksBuildPhase;
			buildActionMask = 2147483647;
			files = (
			);
			runOnlyForDeploymentPostprocessing = 0;
		};
/* End PBXFrameworksBuildPhase section */

/* Begin PBXGroup section */
		4F6402DC1BE8BEFB00A611F6 /* API */ = {
			isa = PBXGroup;
			children = (
				4FBEFFEB1BEB7A78007C4647 /* Token.swift */,
				4F6402DD1BE8CC7000A611F6 /* GetAPIData.swift */,
			);
			name = API;
			sourceTree = "<group>";
		};
		4F86006F1BE8D8AA00FA53AD /* Time */ = {
			isa = PBXGroup;
			children = (
				4F8600701BE8D8B700FA53AD /* TimetableTime.swift */,
			);
			name = Time;
			sourceTree = "<group>";
		};
		741008901BEA8833009FB899 /* Time Cell */ = {
			isa = PBXGroup;
			children = (
				741008911BEA8857009FB899 /* TimeCollectionViewCell.swift */,
				741008931BEA889E009FB899 /* TimeCollectionViewCell.xib */,
			);
			name = "Time Cell";
			sourceTree = "<group>";
		};
		74285B831BF4B58200446CBF /* Storyboards */ = {
			isa = PBXGroup;
			children = (
				74EBE6AC1BDD56710026F2AE /* LaunchScreen.storyboard */,
				74F88ABD1BFBC58200E65B34 /* Main.storyboard */,
			);
			name = Storyboards;
			sourceTree = "<group>";
		};
		742889F51BF739E50018EAE4 /* Lang */ = {
			isa = PBXGroup;
			children = (
				742889FA1BF73A870018EAE4 /* Localizable.strings */,
				742889FC1BF73E110018EAE4 /* Subjects.strings */,
			);
			name = Lang;
			sourceTree = "<group>";
		};
		743ED8871BF6339A00DA2E46 /* Frameworks */ = {
			isa = PBXGroup;
			children = (
				743ED8881BF6339A00DA2E46 /* NotificationCenter.framework */,
			);
			name = Frameworks;
			sourceTree = "<group>";
		};
		743ED88A1BF6339A00DA2E46 /* WidgetLesson */ = {
			isa = PBXGroup;
			children = (
				743ED88B1BF6339A00DA2E46 /* TodayViewController.swift */,
				743ED88D1BF6339A00DA2E46 /* MainInterface.storyboard */,
				743ED8901BF6339A00DA2E46 /* Info.plist */,
				743ED8981BF6363900DA2E46 /* TodayLayout.swift */,
			);
			name = WidgetLesson;
			path = ../WidgetLesson;
			sourceTree = "<group>";
		};
		743ED89A1BF63E5900DA2E46 /* App */ = {
			isa = PBXGroup;
			children = (
				742889F51BF739E50018EAE4 /* Lang */,
				74EBE6D11BDD582A0026F2AE /* Cells */,
				74866B051BEBE5400030FA95 /* Lesson */,
				4F86006F1BE8D8AA00FA53AD /* Time */,
				74AD297D1BF759D7001382F5 /* Settings */,
				4F6402DC1BE8BEFB00A611F6 /* API */,
				746D982E1BF47DFB00240CAC /* CollectionView */,
				74285B831BF4B58200446CBF /* Storyboards */,
				74EBE6A01BDD56710026F2AE /* AppDelegate.swift */,
				74EBE6AA1BDD56710026F2AE /* Assets.xcassets */,
				74EBE6AF1BDD56710026F2AE /* Info.plist */,
				74EBE6A71BDD56710026F2AE /* TimeTableFirstTry.xcdatamodeld */,
			);
			name = App;
			sourceTree = "<group>";
		};
		7443BE101BED2E34007E6807 /* ReplacedLesson Cell */ = {
			isa = PBXGroup;
			children = (
				7443BE131BED2E93007E6807 /* ReplacedLessonCollectionViewCell.swift */,
				7443BE111BED2E74007E6807 /* ReplacedLessonCollectionViewCell.xib */,
			);
			name = "ReplacedLesson Cell";
			sourceTree = "<group>";
		};
		746D982E1BF47DFB00240CAC /* CollectionView */ = {
			isa = PBXGroup;
			children = (
				74EBE6D81BDD59580026F2AE /* CustomCollectionViewLayout.swift */,
				74EBE6A21BDD56710026F2AE /* CollectionViewController.swift */,
			);
			name = CollectionView;
			sourceTree = "<group>";
		};
		74866B051BEBE5400030FA95 /* Lesson */ = {
			isa = PBXGroup;
			children = (
				74866B061BEBE5570030FA95 /* Lesson.swift */,
				74866B081BEBE9BA0030FA95 /* DeclareLesson.swift */,
				74382ED81BEFBE13007A28C4 /* Day.swift */,
			);
			name = Lesson;
			sourceTree = "<group>";
		};
		74866B0A1BEBF0A70030FA95 /* Lesson Cell */ = {
			isa = PBXGroup;
			children = (
				74866B0B1BEBF10A0030FA95 /* LessonCollectionViewCell.swift */,
				74866B0D1BEBF1370030FA95 /* LessonCollectionViewCell.xib */,
			);
			name = "Lesson Cell";
			sourceTree = "<group>";
		};
		74AD297D1BF759D7001382F5 /* Settings */ = {
			isa = PBXGroup;
			children = (
				74AD297E1BF75A2D001382F5 /* SettingsTableViewController.swift */,
			);
			name = Settings;
			sourceTree = "<group>";
		};
		74EBE6941BDD56710026F2AE = {
			isa = PBXGroup;
			children = (
				74EBE69F1BDD56710026F2AE /* TimeTableFirstTry */,
				74EBE6B71BDD56710026F2AE /* TimeTableFirstTryTests */,
				74EBE6C21BDD56720026F2AE /* TimeTableFirstTryUITests */,
				743ED8871BF6339A00DA2E46 /* Frameworks */,
				74EBE69E1BDD56710026F2AE /* Products */,
			);
			sourceTree = "<group>";
		};
		74EBE69E1BDD56710026F2AE /* Products */ = {
			isa = PBXGroup;
			children = (
				74EBE69D1BDD56710026F2AE /* TimeTableFirstTry.app */,
				74EBE6B41BDD56710026F2AE /* TimeTableFirstTryTests.xctest */,
				74EBE6BF1BDD56720026F2AE /* TimeTableFirstTryUITests.xctest */,
				743ED8861BF6339A00DA2E46 /* WidgetLesson.appex */,
			);
			name = Products;
			sourceTree = "<group>";
		};
		74EBE69F1BDD56710026F2AE /* TimeTableFirstTry */ = {
			isa = PBXGroup;
			children = (
				743ED89A1BF63E5900DA2E46 /* App */,
				743ED88A1BF6339A00DA2E46 /* WidgetLesson */,
			);
			path = TimeTableFirstTry;
			sourceTree = "<group>";
		};
		74EBE6B71BDD56710026F2AE /* TimeTableFirstTryTests */ = {
			isa = PBXGroup;
			children = (
				74EBE6B81BDD56710026F2AE /* TimeTableFirstTryTests.swift */,
				74EBE6BA1BDD56710026F2AE /* Info.plist */,
			);
			path = TimeTableFirstTryTests;
			sourceTree = "<group>";
		};
		74EBE6C21BDD56720026F2AE /* TimeTableFirstTryUITests */ = {
			isa = PBXGroup;
			children = (
				74EBE6C31BDD56720026F2AE /* TimeTableFirstTryUITests.swift */,
				74EBE6C51BDD56720026F2AE /* Info.plist */,
			);
			path = TimeTableFirstTryUITests;
			sourceTree = "<group>";
		};
		74EBE6D11BDD582A0026F2AE /* Cells */ = {
			isa = PBXGroup;
			children = (
				7443BE101BED2E34007E6807 /* ReplacedLesson Cell */,
				74866B0A1BEBF0A70030FA95 /* Lesson Cell */,
				741008901BEA8833009FB899 /* Time Cell */,
				74EBE6D31BDD584D0026F2AE /* TimeTitle Cell */,
				74EBE6D21BDD583D0026F2AE /* Content Cell */,
			);
			name = Cells;
			sourceTree = "<group>";
		};
		74EBE6D21BDD583D0026F2AE /* Content Cell */ = {
			isa = PBXGroup;
			children = (
				74EBE6DA1BDD598A0026F2AE /* DayCollectionViewCell.swift */,
				749588261BE144E5006710B2 /* DayCollectionViewCell.xib */,
			);
			name = "Content Cell";
			sourceTree = "<group>";
		};
		74EBE6D31BDD584D0026F2AE /* TimeTitle Cell */ = {
			isa = PBXGroup;
			children = (
				74EBE6DE1BDD59F00026F2AE /* TimetitleCollectionViewCell.swift */,
				749588281BE144F7006710B2 /* TimetitleCollectionViewCell.xib */,
			);
			name = "TimeTitle Cell";
			sourceTree = "<group>";
		};
/* End PBXGroup section */

/* Begin PBXNativeTarget section */
		743ED8851BF6339A00DA2E46 /* WidgetLesson */ = {
			isa = PBXNativeTarget;
			buildConfigurationList = 743ED8961BF6339A00DA2E46 /* Build configuration list for PBXNativeTarget "WidgetLesson" */;
			buildPhases = (
				743ED8821BF6339A00DA2E46 /* Sources */,
				743ED8831BF6339A00DA2E46 /* Frameworks */,
				743ED8841BF6339A00DA2E46 /* Resources */,
			);
			buildRules = (
			);
			dependencies = (
			);
			name = WidgetLesson;
			productName = WidgetLesson;
			productReference = 743ED8861BF6339A00DA2E46 /* WidgetLesson.appex */;
			productType = "com.apple.product-type.app-extension";
		};
		74EBE69C1BDD56710026F2AE /* TimeTableFirstTry */ = {
			isa = PBXNativeTarget;
			buildConfigurationList = 74EBE6C81BDD56720026F2AE /* Build configuration list for PBXNativeTarget "TimeTableFirstTry" */;
			buildPhases = (
				74EBE6991BDD56710026F2AE /* Sources */,
				74EBE69A1BDD56710026F2AE /* Frameworks */,
				74EBE69B1BDD56710026F2AE /* Resources */,
				743ED8971BF6339A00DA2E46 /* Embed App Extensions */,
			);
			buildRules = (
			);
			dependencies = (
				743ED8921BF6339A00DA2E46 /* PBXTargetDependency */,
			);
			name = TimeTableFirstTry;
			productName = TimeTableFirstTry;
			productReference = 74EBE69D1BDD56710026F2AE /* TimeTableFirstTry.app */;
			productType = "com.apple.product-type.application";
		};
		74EBE6B31BDD56710026F2AE /* TimeTableFirstTryTests */ = {
			isa = PBXNativeTarget;
			buildConfigurationList = 74EBE6CB1BDD56720026F2AE /* Build configuration list for PBXNativeTarget "TimeTableFirstTryTests" */;
			buildPhases = (
				74EBE6B01BDD56710026F2AE /* Sources */,
				74EBE6B11BDD56710026F2AE /* Frameworks */,
				74EBE6B21BDD56710026F2AE /* Resources */,
			);
			buildRules = (
			);
			dependencies = (
				74EBE6B61BDD56710026F2AE /* PBXTargetDependency */,
			);
			name = TimeTableFirstTryTests;
			productName = TimeTableFirstTryTests;
			productReference = 74EBE6B41BDD56710026F2AE /* TimeTableFirstTryTests.xctest */;
			productType = "com.apple.product-type.bundle.unit-test";
		};
		74EBE6BE1BDD56710026F2AE /* TimeTableFirstTryUITests */ = {
			isa = PBXNativeTarget;
			buildConfigurationList = 74EBE6CE1BDD56720026F2AE /* Build configuration list for PBXNativeTarget "TimeTableFirstTryUITests" */;
			buildPhases = (
				74EBE6BB1BDD56710026F2AE /* Sources */,
				74EBE6BC1BDD56710026F2AE /* Frameworks */,
				74EBE6BD1BDD56710026F2AE /* Resources */,
			);
			buildRules = (
			);
			dependencies = (
				74EBE6C11BDD56720026F2AE /* PBXTargetDependency */,
			);
			name = TimeTableFirstTryUITests;
			productName = TimeTableFirstTryUITests;
			productReference = 74EBE6BF1BDD56720026F2AE /* TimeTableFirstTryUITests.xctest */;
			productType = "com.apple.product-type.bundle.ui-testing";
		};
/* End PBXNativeTarget section */

/* Begin PBXProject section */
		74EBE6951BDD56710026F2AE /* Project object */ = {
			isa = PBXProject;
			attributes = {
				LastSwiftUpdateCheck = 0710;
				LastUpgradeCheck = 0700;
				ORGANIZATIONNAME = "Aurel Feer";
				TargetAttributes = {
					743ED8851BF6339A00DA2E46 = {
						CreatedOnToolsVersion = 7.1;
					};
					74EBE69C1BDD56710026F2AE = {
						CreatedOnToolsVersion = 7.0.1;
					};
					74EBE6B31BDD56710026F2AE = {
						CreatedOnToolsVersion = 7.0.1;
						TestTargetID = 74EBE69C1BDD56710026F2AE;
					};
					74EBE6BE1BDD56710026F2AE = {
						CreatedOnToolsVersion = 7.0.1;
						TestTargetID = 74EBE69C1BDD56710026F2AE;
					};
				};
			};
			buildConfigurationList = 74EBE6981BDD56710026F2AE /* Build configuration list for PBXProject "TimeTableFirstTry" */;
			compatibilityVersion = "Xcode 3.2";
			developmentRegion = English;
			hasScannedForEncodings = 0;
			knownRegions = (
				en,
				Base,
				de,
			);
			mainGroup = 74EBE6941BDD56710026F2AE;
			productRefGroup = 74EBE69E1BDD56710026F2AE /* Products */;
			projectDirPath = "";
			projectRoot = "";
			targets = (
				74EBE69C1BDD56710026F2AE /* TimeTableFirstTry */,
				74EBE6B31BDD56710026F2AE /* TimeTableFirstTryTests */,
				74EBE6BE1BDD56710026F2AE /* TimeTableFirstTryUITests */,
				743ED8851BF6339A00DA2E46 /* WidgetLesson */,
			);
		};
/* End PBXProject section */

/* Begin PBXResourcesBuildPhase section */
		743ED8841BF6339A00DA2E46 /* Resources */ = {
			isa = PBXResourcesBuildPhase;
			buildActionMask = 2147483647;
			files = (
				743ED8A71BF6470000DA2E46 /* DayCollectionViewCell.xib in Resources */,
				743ED8A91BF6470A00DA2E46 /* LessonCollectionViewCell.xib in Resources */,
				743ED8A81BF6470500DA2E46 /* TimeCollectionViewCell.xib in Resources */,
				743ED8A61BF646FA00DA2E46 /* TimetitleCollectionViewCell.xib in Resources */,
				743ED8AA1BF6471000DA2E46 /* ReplacedLessonCollectionViewCell.xib in Resources */,
				743ED88F1BF6339A00DA2E46 /* MainInterface.storyboard in Resources */,
			);
			runOnlyForDeploymentPostprocessing = 0;
		};
		74EBE69B1BDD56710026F2AE /* Resources */ = {
			isa = PBXResourcesBuildPhase;
			buildActionMask = 2147483647;
			files = (
				7443BE121BED2E74007E6807 /* ReplacedLessonCollectionViewCell.xib in Resources */,
				74F88ABB1BFBC58200E65B34 /* Main.storyboard in Resources */,
				749588271BE144E5006710B2 /* DayCollectionViewCell.xib in Resources */,
				741008941BEA889E009FB899 /* TimeCollectionViewCell.xib in Resources */,
				74866B0E1BEBF1370030FA95 /* LessonCollectionViewCell.xib in Resources */,
				742889F81BF73A870018EAE4 /* Localizable.strings in Resources */,
				742889FD1BF73E110018EAE4 /* Subjects.strings in Resources */,
				74EBE6AE1BDD56710026F2AE /* LaunchScreen.storyboard in Resources */,
				749588291BE144F7006710B2 /* TimetitleCollectionViewCell.xib in Resources */,
				74EBE6AB1BDD56710026F2AE /* Assets.xcassets in Resources */,
			);
			runOnlyForDeploymentPostprocessing = 0;
		};
		74EBE6B21BDD56710026F2AE /* Resources */ = {
			isa = PBXResourcesBuildPhase;
			buildActionMask = 2147483647;
			files = (
			);
			runOnlyForDeploymentPostprocessing = 0;
		};
		74EBE6BD1BDD56710026F2AE /* Resources */ = {
			isa = PBXResourcesBuildPhase;
			buildActionMask = 2147483647;
			files = (
			);
			runOnlyForDeploymentPostprocessing = 0;
		};
/* End PBXResourcesBuildPhase section */

/* Begin PBXSourcesBuildPhase section */
		743ED8821BF6339A00DA2E46 /* Sources */ = {
			isa = PBXSourcesBuildPhase;
			buildActionMask = 2147483647;
			files = (
				743ED88C1BF6339A00DA2E46 /* TodayViewController.swift in Sources */,
				743ED8991BF6363900DA2E46 /* TodayLayout.swift in Sources */,
				743ED89F1BF6400B00DA2E46 /* ReplacedLessonCollectionViewCell.swift in Sources */,
				743ED8A31BF6402A00DA2E46 /* DayCollectionViewCell.swift in Sources */,
				743ED8A01BF6401200DA2E46 /* LessonCollectionViewCell.swift in Sources */,
				743ED89D1BF63FD000DA2E46 /* DeclareLesson.swift in Sources */,
				743ED8A11BF6401600DA2E46 /* TimeCollectionViewCell.swift in Sources */,
				743ED8A21BF6402400DA2E46 /* TimetitleCollectionViewCell.swift in Sources */,
				743ED89C1BF63FA700DA2E46 /* Day.swift in Sources */,
				743ED89E1BF63FDC00DA2E46 /* TimetableTime.swift in Sources */,
				743ED8A51BF640D600DA2E46 /* Lesson.swift in Sources */,
			);
			runOnlyForDeploymentPostprocessing = 0;
		};
		74EBE6991BDD56710026F2AE /* Sources */ = {
			isa = PBXSourcesBuildPhase;
			buildActionMask = 2147483647;
			files = (
				74EBE6A31BDD56710026F2AE /* CollectionViewController.swift in Sources */,
				4FBEFFEC1BEB7A78007C4647 /* Token.swift in Sources */,
				7443BE141BED2E93007E6807 /* ReplacedLessonCollectionViewCell.swift in Sources */,
				74EBE6A11BDD56710026F2AE /* AppDelegate.swift in Sources */,
				74866B071BEBE5570030FA95 /* Lesson.swift in Sources */,
				74EBE6D91BDD59580026F2AE /* CustomCollectionViewLayout.swift in Sources */,
				74EBE6A91BDD56710026F2AE /* TimeTableFirstTry.xcdatamodeld in Sources */,
				741008921BEA8857009FB899 /* TimeCollectionViewCell.swift in Sources */,
				4F8600711BE8D8B700FA53AD /* TimetableTime.swift in Sources */,
				74866B091BEBE9BA0030FA95 /* DeclareLesson.swift in Sources */,
				74382ED91BEFBE13007A28C4 /* Day.swift in Sources */,
				4F6402DE1BE8CC7000A611F6 /* GetAPIData.swift in Sources */,
				74AD297F1BF75A2D001382F5 /* SettingsTableViewController.swift in Sources */,
				74866B0C1BEBF10A0030FA95 /* LessonCollectionViewCell.swift in Sources */,
				74EBE6DF1BDD59F00026F2AE /* TimetitleCollectionViewCell.swift in Sources */,
				74EBE6DB1BDD598A0026F2AE /* DayCollectionViewCell.swift in Sources */,
			);
			runOnlyForDeploymentPostprocessing = 0;
		};
		74EBE6B01BDD56710026F2AE /* Sources */ = {
			isa = PBXSourcesBuildPhase;
			buildActionMask = 2147483647;
			files = (
				74EBE6B91BDD56710026F2AE /* TimeTableFirstTryTests.swift in Sources */,
			);
			runOnlyForDeploymentPostprocessing = 0;
		};
		74EBE6BB1BDD56710026F2AE /* Sources */ = {
			isa = PBXSourcesBuildPhase;
			buildActionMask = 2147483647;
			files = (
				74EBE6C41BDD56720026F2AE /* TimeTableFirstTryUITests.swift in Sources */,
			);
			runOnlyForDeploymentPostprocessing = 0;
		};
/* End PBXSourcesBuildPhase section */

/* Begin PBXTargetDependency section */
		743ED8921BF6339A00DA2E46 /* PBXTargetDependency */ = {
			isa = PBXTargetDependency;
			target = 743ED8851BF6339A00DA2E46 /* WidgetLesson */;
			targetProxy = 743ED8911BF6339A00DA2E46 /* PBXContainerItemProxy */;
		};
		74EBE6B61BDD56710026F2AE /* PBXTargetDependency */ = {
			isa = PBXTargetDependency;
			target = 74EBE69C1BDD56710026F2AE /* TimeTableFirstTry */;
			targetProxy = 74EBE6B51BDD56710026F2AE /* PBXContainerItemProxy */;
		};
		74EBE6C11BDD56720026F2AE /* PBXTargetDependency */ = {
			isa = PBXTargetDependency;
			target = 74EBE69C1BDD56710026F2AE /* TimeTableFirstTry */;
			targetProxy = 74EBE6C01BDD56720026F2AE /* PBXContainerItemProxy */;
		};
/* End PBXTargetDependency section */

/* Begin PBXVariantGroup section */
		742889FA1BF73A870018EAE4 /* Localizable.strings */ = {
			isa = PBXVariantGroup;
			children = (
				742889F91BF73A870018EAE4 /* de */,
				742889FB1BF73A8A0018EAE4 /* Base */,
			);
			name = Localizable.strings;
			sourceTree = "<group>";
		};
		743ED88D1BF6339A00DA2E46 /* MainInterface.storyboard */ = {
			isa = PBXVariantGroup;
			children = (
				743ED88E1BF6339A00DA2E46 /* Base */,
				742889ED1BF735AD0018EAE4 /* de */,
			);
			name = MainInterface.storyboard;
			sourceTree = "<group>";
		};
		74EBE6AC1BDD56710026F2AE /* LaunchScreen.storyboard */ = {
			isa = PBXVariantGroup;
			children = (
				74EBE6AD1BDD56710026F2AE /* Base */,
				742889F41BF737900018EAE4 /* de */,
			);
			name = LaunchScreen.storyboard;
			sourceTree = "<group>";
		};
		74F88ABD1BFBC58200E65B34 /* Main.storyboard */ = {
			isa = PBXVariantGroup;
			children = (
				74F88AC01BFBC5CA00E65B34 /* Base */,
				74F88AC21BFBC5F300E65B34 /* de */,
			);
			name = Main.storyboard;
			sourceTree = "<group>";
		};
/* End PBXVariantGroup section */

/* Begin XCBuildConfiguration section */
		743ED8941BF6339A00DA2E46 /* Debug */ = {
			isa = XCBuildConfiguration;
			buildSettings = {
				INFOPLIST_FILE = WidgetLesson/Info.plist;
				LD_RUNPATH_SEARCH_PATHS = "$(inherited) @executable_path/Frameworks @executable_path/../../Frameworks";
				PRODUCT_BUNDLE_IDENTIFIER = labf.TimeTableFirstTry.WidgetLesson;
				PRODUCT_NAME = "$(TARGET_NAME)";
				SKIP_INSTALL = YES;
			};
			name = Debug;
		};
		743ED8951BF6339A00DA2E46 /* Release */ = {
			isa = XCBuildConfiguration;
			buildSettings = {
				INFOPLIST_FILE = WidgetLesson/Info.plist;
				LD_RUNPATH_SEARCH_PATHS = "$(inherited) @executable_path/Frameworks @executable_path/../../Frameworks";
				PRODUCT_BUNDLE_IDENTIFIER = labf.TimeTableFirstTry.WidgetLesson;
				PRODUCT_NAME = "$(TARGET_NAME)";
				SKIP_INSTALL = YES;
			};
			name = Release;
		};
		74EBE6C61BDD56720026F2AE /* Debug */ = {
			isa = XCBuildConfiguration;
			buildSettings = {
				ALWAYS_SEARCH_USER_PATHS = NO;
				CLANG_CXX_LANGUAGE_STANDARD = "gnu++0x";
				CLANG_CXX_LIBRARY = "libc++";
				CLANG_ENABLE_MODULES = YES;
				CLANG_ENABLE_OBJC_ARC = YES;
				CLANG_WARN_BOOL_CONVERSION = YES;
				CLANG_WARN_CONSTANT_CONVERSION = YES;
				CLANG_WARN_DIRECT_OBJC_ISA_USAGE = YES_ERROR;
				CLANG_WARN_EMPTY_BODY = YES;
				CLANG_WARN_ENUM_CONVERSION = YES;
				CLANG_WARN_INT_CONVERSION = YES;
				CLANG_WARN_OBJC_ROOT_CLASS = YES_ERROR;
				CLANG_WARN_UNREACHABLE_CODE = YES;
				CLANG_WARN__DUPLICATE_METHOD_MATCH = YES;
				"CODE_SIGN_IDENTITY[sdk=iphoneos*]" = "iPhone Developer";
				COPY_PHASE_STRIP = NO;
				DEBUG_INFORMATION_FORMAT = dwarf;
				ENABLE_STRICT_OBJC_MSGSEND = YES;
				ENABLE_TESTABILITY = YES;
				GCC_C_LANGUAGE_STANDARD = gnu99;
				GCC_DYNAMIC_NO_PIC = NO;
				GCC_NO_COMMON_BLOCKS = YES;
				GCC_OPTIMIZATION_LEVEL = 0;
				GCC_PREPROCESSOR_DEFINITIONS = (
					"DEBUG=1",
					"$(inherited)",
				);
				GCC_WARN_64_TO_32_BIT_CONVERSION = YES;
				GCC_WARN_ABOUT_RETURN_TYPE = YES_ERROR;
				GCC_WARN_UNDECLARED_SELECTOR = YES;
				GCC_WARN_UNINITIALIZED_AUTOS = YES_AGGRESSIVE;
				GCC_WARN_UNUSED_FUNCTION = YES;
				GCC_WARN_UNUSED_VARIABLE = YES;
				IPHONEOS_DEPLOYMENT_TARGET = 9.1;
				MTL_ENABLE_DEBUG_INFO = YES;
				ONLY_ACTIVE_ARCH = YES;
				SDKROOT = iphoneos;
				SWIFT_OPTIMIZATION_LEVEL = "-Onone";
			};
			name = Debug;
		};
		74EBE6C71BDD56720026F2AE /* Release */ = {
			isa = XCBuildConfiguration;
			buildSettings = {
				ALWAYS_SEARCH_USER_PATHS = NO;
				CLANG_CXX_LANGUAGE_STANDARD = "gnu++0x";
				CLANG_CXX_LIBRARY = "libc++";
				CLANG_ENABLE_MODULES = YES;
				CLANG_ENABLE_OBJC_ARC = YES;
				CLANG_WARN_BOOL_CONVERSION = YES;
				CLANG_WARN_CONSTANT_CONVERSION = YES;
				CLANG_WARN_DIRECT_OBJC_ISA_USAGE = YES_ERROR;
				CLANG_WARN_EMPTY_BODY = YES;
				CLANG_WARN_ENUM_CONVERSION = YES;
				CLANG_WARN_INT_CONVERSION = YES;
				CLANG_WARN_OBJC_ROOT_CLASS = YES_ERROR;
				CLANG_WARN_UNREACHABLE_CODE = YES;
				CLANG_WARN__DUPLICATE_METHOD_MATCH = YES;
				"CODE_SIGN_IDENTITY[sdk=iphoneos*]" = "iPhone Developer";
				COPY_PHASE_STRIP = NO;
				DEBUG_INFORMATION_FORMAT = "dwarf-with-dsym";
				ENABLE_NS_ASSERTIONS = NO;
				ENABLE_STRICT_OBJC_MSGSEND = YES;
				GCC_C_LANGUAGE_STANDARD = gnu99;
				GCC_NO_COMMON_BLOCKS = YES;
				GCC_WARN_64_TO_32_BIT_CONVERSION = YES;
				GCC_WARN_ABOUT_RETURN_TYPE = YES_ERROR;
				GCC_WARN_UNDECLARED_SELECTOR = YES;
				GCC_WARN_UNINITIALIZED_AUTOS = YES_AGGRESSIVE;
				GCC_WARN_UNUSED_FUNCTION = YES;
				GCC_WARN_UNUSED_VARIABLE = YES;
				IPHONEOS_DEPLOYMENT_TARGET = 9.1;
				MTL_ENABLE_DEBUG_INFO = NO;
				SDKROOT = iphoneos;
				VALIDATE_PRODUCT = YES;
			};
			name = Release;
		};
		74EBE6C91BDD56720026F2AE /* Debug */ = {
			isa = XCBuildConfiguration;
			buildSettings = {
				ASSETCATALOG_COMPILER_APPICON_NAME = AppIcon;
				EMBEDDED_CONTENT_CONTAINS_SWIFT = YES;
				INFOPLIST_FILE = TimeTableFirstTry/Info.plist;
				LD_RUNPATH_SEARCH_PATHS = "$(inherited) @executable_path/Frameworks";
				PRODUCT_BUNDLE_IDENTIFIER = labf.TimeTableFirstTry;
				PRODUCT_NAME = "$(TARGET_NAME)";
			};
			name = Debug;
		};
		74EBE6CA1BDD56720026F2AE /* Release */ = {
			isa = XCBuildConfiguration;
			buildSettings = {
				ASSETCATALOG_COMPILER_APPICON_NAME = AppIcon;
				EMBEDDED_CONTENT_CONTAINS_SWIFT = YES;
				INFOPLIST_FILE = TimeTableFirstTry/Info.plist;
				LD_RUNPATH_SEARCH_PATHS = "$(inherited) @executable_path/Frameworks";
				PRODUCT_BUNDLE_IDENTIFIER = labf.TimeTableFirstTry;
				PRODUCT_NAME = "$(TARGET_NAME)";
			};
			name = Release;
		};
		74EBE6CC1BDD56720026F2AE /* Debug */ = {
			isa = XCBuildConfiguration;
			buildSettings = {
				BUNDLE_LOADER = "$(TEST_HOST)";
				INFOPLIST_FILE = TimeTableFirstTryTests/Info.plist;
				LD_RUNPATH_SEARCH_PATHS = "$(inherited) @executable_path/Frameworks @loader_path/Frameworks";
				PRODUCT_BUNDLE_IDENTIFIER = labf.TimeTableFirstTryTests;
				PRODUCT_NAME = "$(TARGET_NAME)";
				TEST_HOST = "$(BUILT_PRODUCTS_DIR)/TimeTableFirstTry.app/TimeTableFirstTry";
			};
			name = Debug;
		};
		74EBE6CD1BDD56720026F2AE /* Release */ = {
			isa = XCBuildConfiguration;
			buildSettings = {
				BUNDLE_LOADER = "$(TEST_HOST)";
				INFOPLIST_FILE = TimeTableFirstTryTests/Info.plist;
				LD_RUNPATH_SEARCH_PATHS = "$(inherited) @executable_path/Frameworks @loader_path/Frameworks";
				PRODUCT_BUNDLE_IDENTIFIER = labf.TimeTableFirstTryTests;
				PRODUCT_NAME = "$(TARGET_NAME)";
				TEST_HOST = "$(BUILT_PRODUCTS_DIR)/TimeTableFirstTry.app/TimeTableFirstTry";
			};
			name = Release;
		};
		74EBE6CF1BDD56720026F2AE /* Debug */ = {
			isa = XCBuildConfiguration;
			buildSettings = {
				INFOPLIST_FILE = TimeTableFirstTryUITests/Info.plist;
				LD_RUNPATH_SEARCH_PATHS = "$(inherited) @executable_path/Frameworks @loader_path/Frameworks";
				PRODUCT_BUNDLE_IDENTIFIER = labf.TimeTableFirstTryUITests;
				PRODUCT_NAME = "$(TARGET_NAME)";
				TEST_TARGET_NAME = TimeTableFirstTry;
				USES_XCTRUNNER = YES;
			};
			name = Debug;
		};
		74EBE6D01BDD56720026F2AE /* Release */ = {
			isa = XCBuildConfiguration;
			buildSettings = {
				INFOPLIST_FILE = TimeTableFirstTryUITests/Info.plist;
				LD_RUNPATH_SEARCH_PATHS = "$(inherited) @executable_path/Frameworks @loader_path/Frameworks";
				PRODUCT_BUNDLE_IDENTIFIER = labf.TimeTableFirstTryUITests;
				PRODUCT_NAME = "$(TARGET_NAME)";
				TEST_TARGET_NAME = TimeTableFirstTry;
				USES_XCTRUNNER = YES;
			};
			name = Release;
		};
/* End XCBuildConfiguration section */

/* Begin XCConfigurationList section */
		743ED8961BF6339A00DA2E46 /* Build configuration list for PBXNativeTarget "WidgetLesson" */ = {
			isa = XCConfigurationList;
			buildConfigurations = (
				743ED8941BF6339A00DA2E46 /* Debug */,
				743ED8951BF6339A00DA2E46 /* Release */,
			);
			defaultConfigurationIsVisible = 0;
			defaultConfigurationName = Release;
		};
		74EBE6981BDD56710026F2AE /* Build configuration list for PBXProject "TimeTableFirstTry" */ = {
			isa = XCConfigurationList;
			buildConfigurations = (
				74EBE6C61BDD56720026F2AE /* Debug */,
				74EBE6C71BDD56720026F2AE /* Release */,
			);
			defaultConfigurationIsVisible = 0;
			defaultConfigurationName = Release;
		};
		74EBE6C81BDD56720026F2AE /* Build configuration list for PBXNativeTarget "TimeTableFirstTry" */ = {
			isa = XCConfigurationList;
			buildConfigurations = (
				74EBE6C91BDD56720026F2AE /* Debug */,
				74EBE6CA1BDD56720026F2AE /* Release */,
			);
			defaultConfigurationIsVisible = 0;
			defaultConfigurationName = Release;
		};
		74EBE6CB1BDD56720026F2AE /* Build configuration list for PBXNativeTarget "TimeTableFirstTryTests" */ = {
			isa = XCConfigurationList;
			buildConfigurations = (
				74EBE6CC1BDD56720026F2AE /* Debug */,
				74EBE6CD1BDD56720026F2AE /* Release */,
			);
			defaultConfigurationIsVisible = 0;
			defaultConfigurationName = Release;
		};
		74EBE6CE1BDD56720026F2AE /* Build configuration list for PBXNativeTarget "TimeTableFirstTryUITests" */ = {
			isa = XCConfigurationList;
			buildConfigurations = (
				74EBE6CF1BDD56720026F2AE /* Debug */,
				74EBE6D01BDD56720026F2AE /* Release */,
			);
			defaultConfigurationIsVisible = 0;
			defaultConfigurationName = Release;
		};
/* End XCConfigurationList section */

/* Begin XCVersionGroup section */
		74EBE6A71BDD56710026F2AE /* TimeTableFirstTry.xcdatamodeld */ = {
			isa = XCVersionGroup;
			children = (
				74EBE6A81BDD56710026F2AE /* TimeTableFirstTry.xcdatamodel */,
			);
			currentVersion = 74EBE6A81BDD56710026F2AE /* TimeTableFirstTry.xcdatamodel */;
			path = TimeTableFirstTry.xcdatamodeld;
			sourceTree = "<group>";
			versionGroupType = wrapper.xcdatamodel;
		};
/* End XCVersionGroup section */
	};
	rootObject = 74EBE6951BDD56710026F2AE /* Project object */;
}
